// !$*UTF8*$!
{
	archiveVersion = 1;
	classes = {
	};
	objectVersion = 46;
	objects = {

/* Begin PBXBuildFile section */
		051597C514C44F93AED2A5BE /* libPods.a in Frameworks */ = {isa = PBXBuildFile; fileRef = 731387ED6E404FC383024DBE /* libPods.a */; };
		15060DF9197F995400E68EB1 /* Reachability.m in Sources */ = {isa = PBXBuildFile; fileRef = 15060DF8197F995400E68EB1 /* Reachability.m */; };
		15060DFF197F9F7E00E68EB1 /* AlertManager.m in Sources */ = {isa = PBXBuildFile; fileRef = 15060DFE197F9F7E00E68EB1 /* AlertManager.m */; };
		15060E05197FE74E00E68EB1 /* GoogleAnalyticsManager.m in Sources */ = {isa = PBXBuildFile; fileRef = 15060E04197FE74E00E68EB1 /* GoogleAnalyticsManager.m */; };
		15060E081980040400E68EB1 /* ShareManager.m in Sources */ = {isa = PBXBuildFile; fileRef = 15060E071980040400E68EB1 /* ShareManager.m */; };
		15060E0A1980066E00E68EB1 /* ShareAssets.xcassets in Resources */ = {isa = PBXBuildFile; fileRef = 15060E091980066E00E68EB1 /* ShareAssets.xcassets */; };
		15060E0C19800AE200E68EB1 /* MessageUI.framework in Frameworks */ = {isa = PBXBuildFile; fileRef = 15060E0B19800AE200E68EB1 /* MessageUI.framework */; };
		15060E1019800BC900E68EB1 /* UIPopover+Iphone.m in Sources */ = {isa = PBXBuildFile; fileRef = 15060E0F19800BC900E68EB1 /* UIPopover+Iphone.m */; };
		151F4C96198A704D0019B26D /* CategoryManager.m in Sources */ = {isa = PBXBuildFile; fileRef = 151F4C95198A704D0019B26D /* CategoryManager.m */; };
		151F4C99198A88320019B26D /* CategoryCell.m in Sources */ = {isa = PBXBuildFile; fileRef = 151F4C98198A88320019B26D /* CategoryCell.m */; };
		1544D81C1977D0C100A5A48E /* CoreData.framework in Frameworks */ = {isa = PBXBuildFile; fileRef = 1544D81B1977D0C100A5A48E /* CoreData.framework */; };
		154F68EA1980528100FF3238 /* ShareViewController.m in Sources */ = {isa = PBXBuildFile; fileRef = 154F68E91980528100FF3238 /* ShareViewController.m */; };
		156182601976C3DB00D16B5F /* Foundation.framework in Frameworks */ = {isa = PBXBuildFile; fileRef = 1561825F1976C3DB00D16B5F /* Foundation.framework */; };
		156182621976C3DB00D16B5F /* CoreGraphics.framework in Frameworks */ = {isa = PBXBuildFile; fileRef = 156182611976C3DB00D16B5F /* CoreGraphics.framework */; };
		156182641976C3DB00D16B5F /* UIKit.framework in Frameworks */ = {isa = PBXBuildFile; fileRef = 156182631976C3DB00D16B5F /* UIKit.framework */; };
		1561826A1976C3DB00D16B5F /* InfoPlist.strings in Resources */ = {isa = PBXBuildFile; fileRef = 156182681976C3DB00D16B5F /* InfoPlist.strings */; };
		1561826C1976C3DB00D16B5F /* main.m in Sources */ = {isa = PBXBuildFile; fileRef = 1561826B1976C3DB00D16B5F /* main.m */; };
		156182701976C3DB00D16B5F /* AppDelegate.m in Sources */ = {isa = PBXBuildFile; fileRef = 1561826F1976C3DB00D16B5F /* AppDelegate.m */; };
		156182731976C3DB00D16B5F /* Main_iPhone.storyboard in Resources */ = {isa = PBXBuildFile; fileRef = 156182711976C3DB00D16B5F /* Main_iPhone.storyboard */; };
		156182761976C3DB00D16B5F /* Main_iPad.storyboard in Resources */ = {isa = PBXBuildFile; fileRef = 156182741976C3DB00D16B5F /* Main_iPad.storyboard */; };
		1561827B1976C3DB00D16B5F /* Images.xcassets in Resources */ = {isa = PBXBuildFile; fileRef = 1561827A1976C3DB00D16B5F /* Images.xcassets */; };
		156182821976C3DB00D16B5F /* XCTest.framework in Frameworks */ = {isa = PBXBuildFile; fileRef = 156182811976C3DB00D16B5F /* XCTest.framework */; };
		156182831976C3DB00D16B5F /* Foundation.framework in Frameworks */ = {isa = PBXBuildFile; fileRef = 1561825F1976C3DB00D16B5F /* Foundation.framework */; };
		156182841976C3DB00D16B5F /* UIKit.framework in Frameworks */ = {isa = PBXBuildFile; fileRef = 156182631976C3DB00D16B5F /* UIKit.framework */; };
		1561828C1976C3DB00D16B5F /* InfoPlist.strings in Resources */ = {isa = PBXBuildFile; fileRef = 1561828A1976C3DB00D16B5F /* InfoPlist.strings */; };
		1561828E1976C3DB00D16B5F /* TutReaderTests.m in Sources */ = {isa = PBXBuildFile; fileRef = 1561828D1976C3DB00D16B5F /* TutReaderTests.m */; };
		156AFA18197CEE3000813E2D /* TUTNews.m in Sources */ = {isa = PBXBuildFile; fileRef = 156AFA17197CEE3000813E2D /* TUTNews.m */; };
		156AFA1B197CEE3F00813E2D /* newsModel.xcdatamodeld in Sources */ = {isa = PBXBuildFile; fileRef = 156AFA19197CEE3F00813E2D /* newsModel.xcdatamodeld */; };
		156AFA1E197CEF3400813E2D /* NewsCell.m in Sources */ = {isa = PBXBuildFile; fileRef = 156AFA1D197CEF3400813E2D /* NewsCell.m */; };
		156AFA23197CEF5000813E2D /* NewsTableViewController.m in Sources */ = {isa = PBXBuildFile; fileRef = 156AFA20197CEF5000813E2D /* NewsTableViewController.m */; };
		156AFA24197CEF5000813E2D /* WebViewController.m in Sources */ = {isa = PBXBuildFile; fileRef = 156AFA22197CEF5000813E2D /* WebViewController.m */; };
		156AFA2D197CF82400813E2D /* RemoteFacade.m in Sources */ = {isa = PBXBuildFile; fileRef = 156AFA2C197CF82400813E2D /* RemoteFacade.m */; };
		156AFA31197CFE9200813E2D /* PersistenceFacade.m in Sources */ = {isa = PBXBuildFile; fileRef = 156AFA30197CFE9200813E2D /* PersistenceFacade.m */; };
		156AFA37197D088E00813E2D /* XMLParser.m in Sources */ = {isa = PBXBuildFile; fileRef = 156AFA36197D088E00813E2D /* XMLParser.m */; };
		156E5D79198B7A6F00D8B6DC /* NewsSubCategoryItem.m in Sources */ = {isa = PBXBuildFile; fileRef = 156E5D78198B7A6F00D8B6DC /* NewsSubCategoryItem.m */; };
		156E5D7C198B7AC700D8B6DC /* NewsCategoryItem.m in Sources */ = {isa = PBXBuildFile; fileRef = 156E5D7B198B7AC700D8B6DC /* NewsCategoryItem.m */; };
		156E5D7F198B7B4C00D8B6DC /* GlobalCategoriesArray.m in Sources */ = {isa = PBXBuildFile; fileRef = 156E5D7E198B7B4C00D8B6DC /* GlobalCategoriesArray.m */; };
		156E5D81198BB13E00D8B6DC /* QuartzCore.framework in Frameworks */ = {isa = PBXBuildFile; fileRef = 156E5D80198BB13E00D8B6DC /* QuartzCore.framework */; };
		15878A061990DB260017374B /* NSString+MD5.m in Sources */ = {isa = PBXBuildFile; fileRef = 15878A051990DB260017374B /* NSString+MD5.m */; };
		15878A091990FDA50017374B /* CacheFilesManager.m in Sources */ = {isa = PBXBuildFile; fileRef = 15878A081990FDA50017374B /* CacheFilesManager.m */; };
		15878A0C19910C2B0017374B /* NewsItem.m in Sources */ = {isa = PBXBuildFile; fileRef = 15878A0B19910C2B0017374B /* NewsItem.m */; };
		1592205B198F9876001CF232 /* Settings.bundle in Resources */ = {isa = PBXBuildFile; fileRef = 1592205A198F9876001CF232 /* Settings.bundle */; };
		15922063198FA699001CF232 /* LocalizationSystem.m in Sources */ = {isa = PBXBuildFile; fileRef = 15922062198FA699001CF232 /* LocalizationSystem.m */; };
		15922069198FA76B001CF232 /* Localizable.strings in Resources */ = {isa = PBXBuildFile; fileRef = 1592206B198FA76B001CF232 /* Localizable.strings */; };
		1592206F198FB35B001CF232 /* TabBarController.m in Sources */ = {isa = PBXBuildFile; fileRef = 1592206E198FB35B001CF232 /* TabBarController.m */; };
		15A5764A19810C5D00E55E3F /* Twitter.framework in Frameworks */ = {isa = PBXBuildFile; fileRef = 15A5764919810C5D00E55E3F /* Twitter.framework */; };
		15E5B61519922099001140FA /* SettingsManager.m in Sources */ = {isa = PBXBuildFile; fileRef = 15E5B61419922099001140FA /* SettingsManager.m */; };
		15E65FED198668660059BEB5 /* FavoriteNewsManager.m in Sources */ = {isa = PBXBuildFile; fileRef = 15E65FEC198668660059BEB5 /* FavoriteNewsManager.m */; };
		15E65FF019868F7F0059BEB5 /* CategoryTableViewController.m in Sources */ = {isa = PBXBuildFile; fileRef = 15E65FEF19868F7F0059BEB5 /* CategoryTableViewController.m */; };
		15EFAA2C19863B7C00322C97 /* UITV_accessory_disclosure.png in Resources */ = {isa = PBXBuildFile; fileRef = 15EFAA2B19863B7C00322C97 /* UITV_accessory_disclosure.png */; };
		15F8331C19823BBC00E91714 /* DataProvider.m in Sources */ = {isa = PBXBuildFile; fileRef = 15F8331B19823BBC00E91714 /* DataProvider.m */; };
		15F8331F19824FD700E91714 /* PageViewController.m in Sources */ = {isa = PBXBuildFile; fileRef = 15F8331E19824FD700E91714 /* PageViewController.m */; };
/* End PBXBuildFile section */

/* Begin PBXContainerItemProxy section */
		156182851976C3DB00D16B5F /* PBXContainerItemProxy */ = {
			isa = PBXContainerItemProxy;
			containerPortal = 156182541976C3DB00D16B5F /* Project object */;
			proxyType = 1;
			remoteGlobalIDString = 1561825B1976C3DB00D16B5F;
			remoteInfo = TutReader;
		};
/* End PBXContainerItemProxy section */

/* Begin PBXFileReference section */
		15060DF7197F995400E68EB1 /* Reachability.h */ = {isa = PBXFileReference; fileEncoding = 4; lastKnownFileType = sourcecode.c.h; path = Reachability.h; sourceTree = "<group>"; };
		15060DF8197F995400E68EB1 /* Reachability.m */ = {isa = PBXFileReference; fileEncoding = 4; lastKnownFileType = sourcecode.c.objc; path = Reachability.m; sourceTree = "<group>"; };
		15060DFD197F9F7E00E68EB1 /* AlertManager.h */ = {isa = PBXFileReference; fileEncoding = 4; lastKnownFileType = sourcecode.c.h; name = AlertManager.h; path = Source/Managers/AlertManager.h; sourceTree = "<group>"; };
		15060DFE197F9F7E00E68EB1 /* AlertManager.m */ = {isa = PBXFileReference; fileEncoding = 4; lastKnownFileType = sourcecode.c.objc; name = AlertManager.m; path = Source/Managers/AlertManager.m; sourceTree = "<group>"; };
		15060E03197FE74E00E68EB1 /* GoogleAnalyticsManager.h */ = {isa = PBXFileReference; fileEncoding = 4; lastKnownFileType = sourcecode.c.h; name = GoogleAnalyticsManager.h; path = Source/Managers/GoogleAnalyticsManager.h; sourceTree = "<group>"; };
		15060E04197FE74E00E68EB1 /* GoogleAnalyticsManager.m */ = {isa = PBXFileReference; fileEncoding = 4; lastKnownFileType = sourcecode.c.objc; name = GoogleAnalyticsManager.m; path = Source/Managers/GoogleAnalyticsManager.m; sourceTree = "<group>"; };
		15060E061980040400E68EB1 /* ShareManager.h */ = {isa = PBXFileReference; fileEncoding = 4; lastKnownFileType = sourcecode.c.h; name = ShareManager.h; path = Source/Managers/ShareManager.h; sourceTree = "<group>"; };
		15060E071980040400E68EB1 /* ShareManager.m */ = {isa = PBXFileReference; fileEncoding = 4; lastKnownFileType = sourcecode.c.objc; name = ShareManager.m; path = Source/Managers/ShareManager.m; sourceTree = "<group>"; };
		15060E091980066E00E68EB1 /* ShareAssets.xcassets */ = {isa = PBXFileReference; lastKnownFileType = folder.assetcatalog; path = ShareAssets.xcassets; sourceTree = "<group>"; };
		15060E0B19800AE200E68EB1 /* MessageUI.framework */ = {isa = PBXFileReference; lastKnownFileType = wrapper.framework; name = MessageUI.framework; path = System/Library/Frameworks/MessageUI.framework; sourceTree = SDKROOT; };
		15060E0E19800BC900E68EB1 /* UIPopover+Iphone.h */ = {isa = PBXFileReference; fileEncoding = 4; lastKnownFileType = sourcecode.c.h; name = "UIPopover+Iphone.h"; path = "Source/Categories/UIPopover+Iphone.h"; sourceTree = "<group>"; };
		15060E0F19800BC900E68EB1 /* UIPopover+Iphone.m */ = {isa = PBXFileReference; fileEncoding = 4; lastKnownFileType = sourcecode.c.objc; name = "UIPopover+Iphone.m"; path = "Source/Categories/UIPopover+Iphone.m"; sourceTree = "<group>"; };
		151F4C94198A704D0019B26D /* CategoryManager.h */ = {isa = PBXFileReference; fileEncoding = 4; lastKnownFileType = sourcecode.c.h; name = CategoryManager.h; path = Source/Managers/CategoryManager.h; sourceTree = "<group>"; };
		151F4C95198A704D0019B26D /* CategoryManager.m */ = {isa = PBXFileReference; fileEncoding = 4; lastKnownFileType = sourcecode.c.objc; name = CategoryManager.m; path = Source/Managers/CategoryManager.m; sourceTree = "<group>"; };
		151F4C97198A88320019B26D /* CategoryCell.h */ = {isa = PBXFileReference; fileEncoding = 4; lastKnownFileType = sourcecode.c.h; name = CategoryCell.h; path = Source/UI/Common/Cells/CategoryCell.h; sourceTree = "<group>"; };
		151F4C98198A88320019B26D /* CategoryCell.m */ = {isa = PBXFileReference; fileEncoding = 4; lastKnownFileType = sourcecode.c.objc; name = CategoryCell.m; path = Source/UI/Common/Cells/CategoryCell.m; sourceTree = "<group>"; };
		1544D81B1977D0C100A5A48E /* CoreData.framework */ = {isa = PBXFileReference; lastKnownFileType = wrapper.framework; name = CoreData.framework; path = System/Library/Frameworks/CoreData.framework; sourceTree = SDKROOT; };
		154F68E81980528100FF3238 /* ShareViewController.h */ = {isa = PBXFileReference; fileEncoding = 4; lastKnownFileType = sourcecode.c.h; name = ShareViewController.h; path = Source/UI/Common/Controllers/ShareViewController.h; sourceTree = "<group>"; };
		154F68E91980528100FF3238 /* ShareViewController.m */ = {isa = PBXFileReference; fileEncoding = 4; lastKnownFileType = sourcecode.c.objc; name = ShareViewController.m; path = Source/UI/Common/Controllers/ShareViewController.m; sourceTree = "<group>"; };
		1561825C1976C3DB00D16B5F /* TutReader.app */ = {isa = PBXFileReference; explicitFileType = wrapper.application; includeInIndex = 0; path = TutReader.app; sourceTree = BUILT_PRODUCTS_DIR; };
		1561825F1976C3DB00D16B5F /* Foundation.framework */ = {isa = PBXFileReference; lastKnownFileType = wrapper.framework; name = Foundation.framework; path = System/Library/Frameworks/Foundation.framework; sourceTree = SDKROOT; };
		156182611976C3DB00D16B5F /* CoreGraphics.framework */ = {isa = PBXFileReference; lastKnownFileType = wrapper.framework; name = CoreGraphics.framework; path = System/Library/Frameworks/CoreGraphics.framework; sourceTree = SDKROOT; };
		156182631976C3DB00D16B5F /* UIKit.framework */ = {isa = PBXFileReference; lastKnownFileType = wrapper.framework; name = UIKit.framework; path = System/Library/Frameworks/UIKit.framework; sourceTree = SDKROOT; };
		156182671976C3DB00D16B5F /* TutReader-Info.plist */ = {isa = PBXFileReference; lastKnownFileType = text.plist.xml; path = "TutReader-Info.plist"; sourceTree = "<group>"; };
		156182691976C3DB00D16B5F /* en */ = {isa = PBXFileReference; lastKnownFileType = text.plist.strings; name = en; path = en.lproj/InfoPlist.strings; sourceTree = "<group>"; };
		1561826B1976C3DB00D16B5F /* main.m */ = {isa = PBXFileReference; lastKnownFileType = sourcecode.c.objc; path = main.m; sourceTree = "<group>"; };
		1561826D1976C3DB00D16B5F /* TutReader-Prefix.pch */ = {isa = PBXFileReference; lastKnownFileType = sourcecode.c.h; path = "TutReader-Prefix.pch"; sourceTree = "<group>"; };
		1561826E1976C3DB00D16B5F /* AppDelegate.h */ = {isa = PBXFileReference; lastKnownFileType = sourcecode.c.h; path = AppDelegate.h; sourceTree = "<group>"; };
		1561826F1976C3DB00D16B5F /* AppDelegate.m */ = {isa = PBXFileReference; lastKnownFileType = sourcecode.c.objc; path = AppDelegate.m; sourceTree = "<group>"; };
		156182721976C3DB00D16B5F /* Base */ = {isa = PBXFileReference; lastKnownFileType = file.storyboard; name = Base; path = Base.lproj/Main_iPhone.storyboard; sourceTree = "<group>"; };
		156182751976C3DB00D16B5F /* Base */ = {isa = PBXFileReference; lastKnownFileType = file.storyboard; name = Base; path = Base.lproj/Main_iPad.storyboard; sourceTree = "<group>"; };
		1561827A1976C3DB00D16B5F /* Images.xcassets */ = {isa = PBXFileReference; lastKnownFileType = folder.assetcatalog; path = Images.xcassets; sourceTree = "<group>"; };
		156182801976C3DB00D16B5F /* TutReaderTests.xctest */ = {isa = PBXFileReference; explicitFileType = wrapper.cfbundle; includeInIndex = 0; path = TutReaderTests.xctest; sourceTree = BUILT_PRODUCTS_DIR; };
		156182811976C3DB00D16B5F /* XCTest.framework */ = {isa = PBXFileReference; lastKnownFileType = wrapper.framework; name = XCTest.framework; path = Library/Frameworks/XCTest.framework; sourceTree = DEVELOPER_DIR; };
		156182891976C3DB00D16B5F /* TutReaderTests-Info.plist */ = {isa = PBXFileReference; lastKnownFileType = text.plist.xml; path = "TutReaderTests-Info.plist"; sourceTree = "<group>"; };
		1561828B1976C3DB00D16B5F /* en */ = {isa = PBXFileReference; lastKnownFileType = text.plist.strings; name = en; path = en.lproj/InfoPlist.strings; sourceTree = "<group>"; };
		1561828D1976C3DB00D16B5F /* TutReaderTests.m */ = {isa = PBXFileReference; lastKnownFileType = sourcecode.c.objc; path = TutReaderTests.m; sourceTree = "<group>"; };
		156182971976C57A00D16B5F /* TUTConstants.h */ = {isa = PBXFileReference; fileEncoding = 4; lastKnownFileType = sourcecode.c.h; path = TUTConstants.h; sourceTree = "<group>"; };
		156AFA16197CEE3000813E2D /* TUTNews.h */ = {isa = PBXFileReference; fileEncoding = 4; lastKnownFileType = sourcecode.c.h; name = TUTNews.h; path = source/Models/TUTNews.h; sourceTree = "<group>"; };
		156AFA17197CEE3000813E2D /* TUTNews.m */ = {isa = PBXFileReference; fileEncoding = 4; lastKnownFileType = sourcecode.c.objc; name = TUTNews.m; path = source/Models/TUTNews.m; sourceTree = "<group>"; };
		156AFA1A197CEE3F00813E2D /* newsModel.xcdatamodel */ = {isa = PBXFileReference; lastKnownFileType = wrapper.xcdatamodel; path = newsModel.xcdatamodel; sourceTree = "<group>"; };
		156AFA1C197CEF3400813E2D /* NewsCell.h */ = {isa = PBXFileReference; fileEncoding = 4; lastKnownFileType = sourcecode.c.h; name = NewsCell.h; path = Source/UI/Common/Cells/NewsCell.h; sourceTree = "<group>"; };
		156AFA1D197CEF3400813E2D /* NewsCell.m */ = {isa = PBXFileReference; fileEncoding = 4; lastKnownFileType = sourcecode.c.objc; name = NewsCell.m; path = Source/UI/Common/Cells/NewsCell.m; sourceTree = "<group>"; };
		156AFA1F197CEF5000813E2D /* NewsTableViewController.h */ = {isa = PBXFileReference; fileEncoding = 4; lastKnownFileType = sourcecode.c.h; name = NewsTableViewController.h; path = Source/UI/Common/Controllers/NewsTableViewController.h; sourceTree = "<group>"; };
		156AFA20197CEF5000813E2D /* NewsTableViewController.m */ = {isa = PBXFileReference; fileEncoding = 4; lastKnownFileType = sourcecode.c.objc; name = NewsTableViewController.m; path = Source/UI/Common/Controllers/NewsTableViewController.m; sourceTree = "<group>"; };
		156AFA21197CEF5000813E2D /* WebViewController.h */ = {isa = PBXFileReference; fileEncoding = 4; lastKnownFileType = sourcecode.c.h; name = WebViewController.h; path = Source/UI/Common/Controllers/WebViewController.h; sourceTree = "<group>"; };
		156AFA22197CEF5000813E2D /* WebViewController.m */ = {isa = PBXFileReference; fileEncoding = 4; lastKnownFileType = sourcecode.c.objc; name = WebViewController.m; path = Source/UI/Common/Controllers/WebViewController.m; sourceTree = "<group>"; };
		156AFA2B197CF82400813E2D /* RemoteFacade.h */ = {isa = PBXFileReference; fileEncoding = 4; lastKnownFileType = sourcecode.c.h; name = RemoteFacade.h; path = Source/Models/RemoteFacade.h; sourceTree = "<group>"; };
		156AFA2C197CF82400813E2D /* RemoteFacade.m */ = {isa = PBXFileReference; fileEncoding = 4; lastKnownFileType = sourcecode.c.objc; name = RemoteFacade.m; path = Source/Models/RemoteFacade.m; sourceTree = "<group>"; };
		156AFA2F197CFE9200813E2D /* PersistenceFacade.h */ = {isa = PBXFileReference; fileEncoding = 4; lastKnownFileType = sourcecode.c.h; name = PersistenceFacade.h; path = Source/Models/PersistenceFacade.h; sourceTree = "<group>"; };
		156AFA30197CFE9200813E2D /* PersistenceFacade.m */ = {isa = PBXFileReference; fileEncoding = 4; lastKnownFileType = sourcecode.c.objc; name = PersistenceFacade.m; path = Source/Models/PersistenceFacade.m; sourceTree = "<group>"; };
		156AFA35197D088E00813E2D /* XMLParser.h */ = {isa = PBXFileReference; fileEncoding = 4; lastKnownFileType = sourcecode.c.h; name = XMLParser.h; path = Source/Models/XMLParser.h; sourceTree = "<group>"; };
		156AFA36197D088E00813E2D /* XMLParser.m */ = {isa = PBXFileReference; fileEncoding = 4; lastKnownFileType = sourcecode.c.objc; name = XMLParser.m; path = Source/Models/XMLParser.m; sourceTree = "<group>"; };
		156E5D77198B7A6F00D8B6DC /* NewsSubCategoryItem.h */ = {isa = PBXFileReference; fileEncoding = 4; lastKnownFileType = sourcecode.c.h; name = NewsSubCategoryItem.h; path = Source/Models/NewsSubCategoryItem.h; sourceTree = "<group>"; };
		156E5D78198B7A6F00D8B6DC /* NewsSubCategoryItem.m */ = {isa = PBXFileReference; fileEncoding = 4; lastKnownFileType = sourcecode.c.objc; name = NewsSubCategoryItem.m; path = Source/Models/NewsSubCategoryItem.m; sourceTree = "<group>"; };
		156E5D7A198B7AC700D8B6DC /* NewsCategoryItem.h */ = {isa = PBXFileReference; fileEncoding = 4; lastKnownFileType = sourcecode.c.h; name = NewsCategoryItem.h; path = Source/Models/NewsCategoryItem.h; sourceTree = "<group>"; };
		156E5D7B198B7AC700D8B6DC /* NewsCategoryItem.m */ = {isa = PBXFileReference; fileEncoding = 4; lastKnownFileType = sourcecode.c.objc; name = NewsCategoryItem.m; path = Source/Models/NewsCategoryItem.m; sourceTree = "<group>"; };
		156E5D7D198B7B4C00D8B6DC /* GlobalCategoriesArray.h */ = {isa = PBXFileReference; fileEncoding = 4; lastKnownFileType = sourcecode.c.h; name = GlobalCategoriesArray.h; path = Source/Models/GlobalCategoriesArray.h; sourceTree = "<group>"; };
		156E5D7E198B7B4C00D8B6DC /* GlobalCategoriesArray.m */ = {isa = PBXFileReference; fileEncoding = 4; lastKnownFileType = sourcecode.c.objc; name = GlobalCategoriesArray.m; path = Source/Models/GlobalCategoriesArray.m; sourceTree = "<group>"; };
		156E5D80198BB13E00D8B6DC /* QuartzCore.framework */ = {isa = PBXFileReference; lastKnownFileType = wrapper.framework; name = QuartzCore.framework; path = System/Library/Frameworks/QuartzCore.framework; sourceTree = SDKROOT; };
		15878A041990DB260017374B /* NSString+MD5.h */ = {isa = PBXFileReference; fileEncoding = 4; lastKnownFileType = sourcecode.c.h; name = "NSString+MD5.h"; path = "Source/Categories/NSString+MD5.h"; sourceTree = "<group>"; };
		15878A051990DB260017374B /* NSString+MD5.m */ = {isa = PBXFileReference; fileEncoding = 4; lastKnownFileType = sourcecode.c.objc; name = "NSString+MD5.m"; path = "Source/Categories/NSString+MD5.m"; sourceTree = "<group>"; };
		15878A071990FDA50017374B /* CacheFilesManager.h */ = {isa = PBXFileReference; fileEncoding = 4; lastKnownFileType = sourcecode.c.h; name = CacheFilesManager.h; path = Source/Managers/CacheFilesManager.h; sourceTree = "<group>"; };
		15878A081990FDA50017374B /* CacheFilesManager.m */ = {isa = PBXFileReference; fileEncoding = 4; lastKnownFileType = sourcecode.c.objc; name = CacheFilesManager.m; path = Source/Managers/CacheFilesManager.m; sourceTree = "<group>"; };
		15878A0A19910C2B0017374B /* NewsItem.h */ = {isa = PBXFileReference; fileEncoding = 4; lastKnownFileType = sourcecode.c.h; name = NewsItem.h; path = Source/Models/NewsItem.h; sourceTree = "<group>"; };
		15878A0B19910C2B0017374B /* NewsItem.m */ = {isa = PBXFileReference; fileEncoding = 4; lastKnownFileType = sourcecode.c.objc; name = NewsItem.m; path = Source/Models/NewsItem.m; sourceTree = "<group>"; };
		1592205A198F9876001CF232 /* Settings.bundle */ = {isa = PBXFileReference; lastKnownFileType = "wrapper.plug-in"; path = Settings.bundle; sourceTree = "<group>"; };
		15922062198FA699001CF232 /* LocalizationSystem.m */ = {isa = PBXFileReference; fileEncoding = 4; lastKnownFileType = sourcecode.c.objc; path = LocalizationSystem.m; sourceTree = "<group>"; };
		15922064198FA69E001CF232 /* LocalizationSystem.h */ = {isa = PBXFileReference; lastKnownFileType = sourcecode.c.h; path = LocalizationSystem.h; sourceTree = "<group>"; };
		1592206A198FA76B001CF232 /* en */ = {isa = PBXFileReference; lastKnownFileType = text.plist.strings; name = en; path = en.lproj/Localizable.strings; sourceTree = "<group>"; };
		1592206C198FA80E001CF232 /* ru */ = {isa = PBXFileReference; lastKnownFileType = text.plist.strings; name = ru; path = ru.lproj/Localizable.strings; sourceTree = "<group>"; };
		1592206D198FB35B001CF232 /* TabBarController.h */ = {isa = PBXFileReference; fileEncoding = 4; lastKnownFileType = sourcecode.c.h; name = TabBarController.h; path = Source/UI/Common/Controllers/TabBarController.h; sourceTree = "<group>"; };
		1592206E198FB35B001CF232 /* TabBarController.m */ = {isa = PBXFileReference; fileEncoding = 4; lastKnownFileType = sourcecode.c.objc; name = TabBarController.m; path = Source/UI/Common/Controllers/TabBarController.m; sourceTree = "<group>"; };
		15A5764919810C5D00E55E3F /* Twitter.framework */ = {isa = PBXFileReference; lastKnownFileType = wrapper.framework; name = Twitter.framework; path = System/Library/Frameworks/Twitter.framework; sourceTree = SDKROOT; };
		15E5B61319922099001140FA /* SettingsManager.h */ = {isa = PBXFileReference; fileEncoding = 4; lastKnownFileType = sourcecode.c.h; name = SettingsManager.h; path = Source/Managers/SettingsManager.h; sourceTree = "<group>"; };
		15E5B61419922099001140FA /* SettingsManager.m */ = {isa = PBXFileReference; fileEncoding = 4; lastKnownFileType = sourcecode.c.objc; name = SettingsManager.m; path = Source/Managers/SettingsManager.m; sourceTree = "<group>"; };
		15E65FEB198668660059BEB5 /* FavoriteNewsManager.h */ = {isa = PBXFileReference; fileEncoding = 4; lastKnownFileType = sourcecode.c.h; name = FavoriteNewsManager.h; path = Source/Managers/FavoriteNewsManager.h; sourceTree = "<group>"; };
		15E65FEC198668660059BEB5 /* FavoriteNewsManager.m */ = {isa = PBXFileReference; fileEncoding = 4; lastKnownFileType = sourcecode.c.objc; name = FavoriteNewsManager.m; path = Source/Managers/FavoriteNewsManager.m; sourceTree = "<group>"; };
		15E65FEE19868F7F0059BEB5 /* CategoryTableViewController.h */ = {isa = PBXFileReference; fileEncoding = 4; lastKnownFileType = sourcecode.c.h; name = CategoryTableViewController.h; path = Source/UI/Common/Controllers/CategoryTableViewController.h; sourceTree = "<group>"; };
		15E65FEF19868F7F0059BEB5 /* CategoryTableViewController.m */ = {isa = PBXFileReference; fileEncoding = 4; lastKnownFileType = sourcecode.c.objc; name = CategoryTableViewController.m; path = Source/UI/Common/Controllers/CategoryTableViewController.m; sourceTree = "<group>"; };
		15EFAA2B19863B7C00322C97 /* UITV_accessory_disclosure.png */ = {isa = PBXFileReference; lastKnownFileType = image.png; path = UITV_accessory_disclosure.png; sourceTree = "<group>"; };
		15F8331A19823BBC00E91714 /* DataProvider.h */ = {isa = PBXFileReference; fileEncoding = 4; lastKnownFileType = sourcecode.c.h; name = DataProvider.h; path = Source/Models/DataProvider.h; sourceTree = "<group>"; };
		15F8331B19823BBC00E91714 /* DataProvider.m */ = {isa = PBXFileReference; fileEncoding = 4; lastKnownFileType = sourcecode.c.objc; name = DataProvider.m; path = Source/Models/DataProvider.m; sourceTree = "<group>"; };
		15F8331D19824FD700E91714 /* PageViewController.h */ = {isa = PBXFileReference; fileEncoding = 4; lastKnownFileType = sourcecode.c.h; name = PageViewController.h; path = Source/UI/Common/Controllers/PageViewController.h; sourceTree = "<group>"; };
		15F8331E19824FD700E91714 /* PageViewController.m */ = {isa = PBXFileReference; fileEncoding = 4; lastKnownFileType = sourcecode.c.objc; name = PageViewController.m; path = Source/UI/Common/Controllers/PageViewController.m; sourceTree = "<group>"; };
		731387ED6E404FC383024DBE /* libPods.a */ = {isa = PBXFileReference; explicitFileType = archive.ar; includeInIndex = 0; path = libPods.a; sourceTree = BUILT_PRODUCTS_DIR; };
		9B9CCEF8429341D1970C1D0F /* Pods.xcconfig */ = {isa = PBXFileReference; includeInIndex = 1; lastKnownFileType = text.xcconfig; name = Pods.xcconfig; path = Pods/Pods.xcconfig; sourceTree = "<group>"; };
/* End PBXFileReference section */

/* Begin PBXFrameworksBuildPhase section */
		156182591976C3DB00D16B5F /* Frameworks */ = {
			isa = PBXFrameworksBuildPhase;
			buildActionMask = 2147483647;
			files = (
				156E5D81198BB13E00D8B6DC /* QuartzCore.framework in Frameworks */,
				15A5764A19810C5D00E55E3F /* Twitter.framework in Frameworks */,
				15060E0C19800AE200E68EB1 /* MessageUI.framework in Frameworks */,
				1544D81C1977D0C100A5A48E /* CoreData.framework in Frameworks */,
				156182621976C3DB00D16B5F /* CoreGraphics.framework in Frameworks */,
				156182641976C3DB00D16B5F /* UIKit.framework in Frameworks */,
				156182601976C3DB00D16B5F /* Foundation.framework in Frameworks */,
				051597C514C44F93AED2A5BE /* libPods.a in Frameworks */,
			);
			runOnlyForDeploymentPostprocessing = 0;
		};
		1561827D1976C3DB00D16B5F /* Frameworks */ = {
			isa = PBXFrameworksBuildPhase;
			buildActionMask = 2147483647;
			files = (
				156182821976C3DB00D16B5F /* XCTest.framework in Frameworks */,
				156182841976C3DB00D16B5F /* UIKit.framework in Frameworks */,
				156182831976C3DB00D16B5F /* Foundation.framework in Frameworks */,
			);
			runOnlyForDeploymentPostprocessing = 0;
		};
/* End PBXFrameworksBuildPhase section */

/* Begin PBXGroup section */
		15060DFB197F9EE200E68EB1 /* Data */ = {
			isa = PBXGroup;
			children = (
				1561829B1976C98F00D16B5F /* Models */,
				156AFA2B197CF82400813E2D /* RemoteFacade.h */,
				156AFA2C197CF82400813E2D /* RemoteFacade.m */,
				156AFA2F197CFE9200813E2D /* PersistenceFacade.h */,
				156AFA30197CFE9200813E2D /* PersistenceFacade.m */,
				156E5D7D198B7B4C00D8B6DC /* GlobalCategoriesArray.h */,
				156E5D7E198B7B4C00D8B6DC /* GlobalCategoriesArray.m */,
				156AFA35197D088E00813E2D /* XMLParser.h */,
				156AFA36197D088E00813E2D /* XMLParser.m */,
				15060DF7197F995400E68EB1 /* Reachability.h */,
				15060DF8197F995400E68EB1 /* Reachability.m */,
				15F8331A19823BBC00E91714 /* DataProvider.h */,
				15F8331B19823BBC00E91714 /* DataProvider.m */,
			);
			name = Data;
			sourceTree = "<group>";
		};
		15060DFC197F9F3800E68EB1 /* Managers */ = {
			isa = PBXGroup;
			children = (
				15060DFD197F9F7E00E68EB1 /* AlertManager.h */,
				15060DFE197F9F7E00E68EB1 /* AlertManager.m */,
				15060E03197FE74E00E68EB1 /* GoogleAnalyticsManager.h */,
				15060E04197FE74E00E68EB1 /* GoogleAnalyticsManager.m */,
				15060E061980040400E68EB1 /* ShareManager.h */,
				15060E071980040400E68EB1 /* ShareManager.m */,
				15E65FEB198668660059BEB5 /* FavoriteNewsManager.h */,
				15E65FEC198668660059BEB5 /* FavoriteNewsManager.m */,
				151F4C94198A704D0019B26D /* CategoryManager.h */,
				151F4C95198A704D0019B26D /* CategoryManager.m */,
				15922064198FA69E001CF232 /* LocalizationSystem.h */,
				15922062198FA699001CF232 /* LocalizationSystem.m */,
				15878A071990FDA50017374B /* CacheFilesManager.h */,
				15878A081990FDA50017374B /* CacheFilesManager.m */,
				15E5B61319922099001140FA /* SettingsManager.h */,
				15E5B61419922099001140FA /* SettingsManager.m */,
			);
			name = Managers;
			sourceTree = "<group>";
		};
		15060E0D19800B9300E68EB1 /* Categories */ = {
			isa = PBXGroup;
			children = (
				15060E0E19800BC900E68EB1 /* UIPopover+Iphone.h */,
				15060E0F19800BC900E68EB1 /* UIPopover+Iphone.m */,
				15878A041990DB260017374B /* NSString+MD5.h */,
				15878A051990DB260017374B /* NSString+MD5.m */,
			);
			name = Categories;
			sourceTree = "<group>";
		};
		156182531976C3DB00D16B5F = {
			isa = PBXGroup;
			children = (
				156182651976C3DB00D16B5F /* TutReader */,
				156182871976C3DB00D16B5F /* TutReaderTests */,
				1561825E1976C3DB00D16B5F /* Frameworks */,
				1561825D1976C3DB00D16B5F /* Products */,
				9B9CCEF8429341D1970C1D0F /* Pods.xcconfig */,
			);
			sourceTree = "<group>";
		};
		1561825D1976C3DB00D16B5F /* Products */ = {
			isa = PBXGroup;
			children = (
				1561825C1976C3DB00D16B5F /* TutReader.app */,
				156182801976C3DB00D16B5F /* TutReaderTests.xctest */,
			);
			name = Products;
			sourceTree = "<group>";
		};
		1561825E1976C3DB00D16B5F /* Frameworks */ = {
			isa = PBXGroup;
			children = (
				156E5D80198BB13E00D8B6DC /* QuartzCore.framework */,
				15A5764919810C5D00E55E3F /* Twitter.framework */,
				15060E0B19800AE200E68EB1 /* MessageUI.framework */,
				1544D81B1977D0C100A5A48E /* CoreData.framework */,
				1561825F1976C3DB00D16B5F /* Foundation.framework */,
				156182611976C3DB00D16B5F /* CoreGraphics.framework */,
				156182631976C3DB00D16B5F /* UIKit.framework */,
				156182811976C3DB00D16B5F /* XCTest.framework */,
				731387ED6E404FC383024DBE /* libPods.a */,
			);
			name = Frameworks;
			sourceTree = "<group>";
		};
		156182651976C3DB00D16B5F /* TutReader */ = {
			isa = PBXGroup;
			children = (
				15712C69197954AA00A73DC5 /* source */,
				15712C6A197954C900A73DC5 /* resources */,
				156182661976C3DB00D16B5F /* Supporting Files */,
			);
			path = TutReader;
			sourceTree = "<group>";
		};
		156182661976C3DB00D16B5F /* Supporting Files */ = {
			isa = PBXGroup;
			children = (
				156182671976C3DB00D16B5F /* TutReader-Info.plist */,
				156182681976C3DB00D16B5F /* InfoPlist.strings */,
				1561826B1976C3DB00D16B5F /* main.m */,
				1561826D1976C3DB00D16B5F /* TutReader-Prefix.pch */,
			);
			name = "Supporting Files";
			sourceTree = "<group>";
		};
		156182871976C3DB00D16B5F /* TutReaderTests */ = {
			isa = PBXGroup;
			children = (
				1561828D1976C3DB00D16B5F /* TutReaderTests.m */,
				156182881976C3DB00D16B5F /* Supporting Files */,
			);
			path = TutReaderTests;
			sourceTree = "<group>";
		};
		156182881976C3DB00D16B5F /* Supporting Files */ = {
			isa = PBXGroup;
			children = (
				156182891976C3DB00D16B5F /* TutReaderTests-Info.plist */,
				1561828A1976C3DB00D16B5F /* InfoPlist.strings */,
			);
			name = "Supporting Files";
			sourceTree = "<group>";
		};
		1561829A1976C93D00D16B5F /* UI */ = {
			isa = PBXGroup;
			children = (
				15712C5D19790E4600A73DC5 /* iPhone */,
				15712C5C19790E1800A73DC5 /* iPad */,
				1592205A198F9876001CF232 /* Settings.bundle */,
			);
			name = UI;
			sourceTree = "<group>";
		};
		1561829B1976C98F00D16B5F /* Models */ = {
			isa = PBXGroup;
			children = (
				15878A0A19910C2B0017374B /* NewsItem.h */,
				15878A0B19910C2B0017374B /* NewsItem.m */,
				156AFA19197CEE3F00813E2D /* newsModel.xcdatamodeld */,
				156AFA16197CEE3000813E2D /* TUTNews.h */,
				156AFA17197CEE3000813E2D /* TUTNews.m */,
				156E5D77198B7A6F00D8B6DC /* NewsSubCategoryItem.h */,
				156E5D78198B7A6F00D8B6DC /* NewsSubCategoryItem.m */,
				156E5D7A198B7AC700D8B6DC /* NewsCategoryItem.h */,
				156E5D7B198B7AC700D8B6DC /* NewsCategoryItem.m */,
			);
			name = Models;
			sourceTree = "<group>";
		};
		156182A619770BC000D16B5F /* Cells */ = {
			isa = PBXGroup;
			children = (
				156AFA1C197CEF3400813E2D /* NewsCell.h */,
				156AFA1D197CEF3400813E2D /* NewsCell.m */,
				151F4C97198A88320019B26D /* CategoryCell.h */,
				151F4C98198A88320019B26D /* CategoryCell.m */,
			);
			name = Cells;
			sourceTree = "<group>";
		};
		15712C5C19790E1800A73DC5 /* iPad */ = {
			isa = PBXGroup;
			children = (
				156182741976C3DB00D16B5F /* Main_iPad.storyboard */,
			);
			name = iPad;
			sourceTree = "<group>";
		};
		15712C5D19790E4600A73DC5 /* iPhone */ = {
			isa = PBXGroup;
			children = (
				156182711976C3DB00D16B5F /* Main_iPhone.storyboard */,
			);
			name = iPhone;
			sourceTree = "<group>";
		};
		15712C5E19790E5300A73DC5 /* Common */ = {
			isa = PBXGroup;
			children = (
				156182A619770BC000D16B5F /* Cells */,
				15712C64197910A000A73DC5 /* Controllers */,
			);
			name = Common;
			sourceTree = "<group>";
		};
		15712C64197910A000A73DC5 /* Controllers */ = {
			isa = PBXGroup;
			children = (
				156AFA1F197CEF5000813E2D /* NewsTableViewController.h */,
				156AFA20197CEF5000813E2D /* NewsTableViewController.m */,
				156AFA21197CEF5000813E2D /* WebViewController.h */,
				156AFA22197CEF5000813E2D /* WebViewController.m */,
				154F68E81980528100FF3238 /* ShareViewController.h */,
				154F68E91980528100FF3238 /* ShareViewController.m */,
				15F8331D19824FD700E91714 /* PageViewController.h */,
				15F8331E19824FD700E91714 /* PageViewController.m */,
				15E65FEE19868F7F0059BEB5 /* CategoryTableViewController.h */,
				15E65FEF19868F7F0059BEB5 /* CategoryTableViewController.m */,
				1592206D198FB35B001CF232 /* TabBarController.h */,
				1592206E198FB35B001CF232 /* TabBarController.m */,
			);
			name = Controllers;
			sourceTree = "<group>";
		};
		15712C69197954AA00A73DC5 /* source */ = {
			isa = PBXGroup;
			children = (
				15060E0D19800B9300E68EB1 /* Categories */,
				15060DFC197F9F3800E68EB1 /* Managers */,
				15060DFB197F9EE200E68EB1 /* Data */,
				15712C6B1979555900A73DC5 /* UI */,
				1561826E1976C3DB00D16B5F /* AppDelegate.h */,
				1561826F1976C3DB00D16B5F /* AppDelegate.m */,
				156182971976C57A00D16B5F /* TUTConstants.h */,
			);
			name = source;
			sourceTree = "<group>";
		};
		15712C6A197954C900A73DC5 /* resources */ = {
			isa = PBXGroup;
			children = (
				1561829A1976C93D00D16B5F /* UI */,
				1561827A1976C3DB00D16B5F /* Images.xcassets */,
				15060E091980066E00E68EB1 /* ShareAssets.xcassets */,
				15EFAA2B19863B7C00322C97 /* UITV_accessory_disclosure.png */,
				1592206B198FA76B001CF232 /* Localizable.strings */,
			);
			name = resources;
			sourceTree = "<group>";
		};
		15712C6B1979555900A73DC5 /* UI */ = {
			isa = PBXGroup;
			children = (
				15712C5E19790E5300A73DC5 /* Common */,
			);
			name = UI;
			sourceTree = "<group>";
		};
/* End PBXGroup section */

/* Begin PBXNativeTarget section */
		1561825B1976C3DB00D16B5F /* TutReader */ = {
			isa = PBXNativeTarget;
			buildConfigurationList = 156182911976C3DB00D16B5F /* Build configuration list for PBXNativeTarget "TutReader" */;
			buildPhases = (
				5F6907BB0D9A49C59FB67DD6 /* Check Pods Manifest.lock */,
				156182581976C3DB00D16B5F /* Sources */,
				156182591976C3DB00D16B5F /* Frameworks */,
				1561825A1976C3DB00D16B5F /* Resources */,
				FCAC53A51AC1463EAC7C14E9 /* Copy Pods Resources */,
			);
			buildRules = (
			);
			dependencies = (
			);
			name = TutReader;
			productName = TutReader;
			productReference = 1561825C1976C3DB00D16B5F /* TutReader.app */;
			productType = "com.apple.product-type.application";
		};
		1561827F1976C3DB00D16B5F /* TutReaderTests */ = {
			isa = PBXNativeTarget;
			buildConfigurationList = 156182941976C3DB00D16B5F /* Build configuration list for PBXNativeTarget "TutReaderTests" */;
			buildPhases = (
				1561827C1976C3DB00D16B5F /* Sources */,
				1561827D1976C3DB00D16B5F /* Frameworks */,
				1561827E1976C3DB00D16B5F /* Resources */,
			);
			buildRules = (
			);
			dependencies = (
				156182861976C3DB00D16B5F /* PBXTargetDependency */,
			);
			name = TutReaderTests;
			productName = TutReaderTests;
			productReference = 156182801976C3DB00D16B5F /* TutReaderTests.xctest */;
			productType = "com.apple.product-type.bundle.unit-test";
		};
/* End PBXNativeTarget section */

/* Begin PBXProject section */
		156182541976C3DB00D16B5F /* Project object */ = {
			isa = PBXProject;
			attributes = {
				LastUpgradeCheck = 0510;
				ORGANIZATIONNAME = crekby;
				TargetAttributes = {
					1561825B1976C3DB00D16B5F = {
						DevelopmentTeam = 7H3VWV6XSN;
					};
					1561827F1976C3DB00D16B5F = {
						TestTargetID = 1561825B1976C3DB00D16B5F;
					};
				};
			};
			buildConfigurationList = 156182571976C3DB00D16B5F /* Build configuration list for PBXProject "TutReader" */;
			compatibilityVersion = "Xcode 3.2";
			developmentRegion = English;
			hasScannedForEncodings = 0;
			knownRegions = (
				en,
				Base,
				ru,
			);
			mainGroup = 156182531976C3DB00D16B5F;
			productRefGroup = 1561825D1976C3DB00D16B5F /* Products */;
			projectDirPath = "";
			projectRoot = "";
			targets = (
				1561825B1976C3DB00D16B5F /* TutReader */,
				1561827F1976C3DB00D16B5F /* TutReaderTests */,
			);
		};
/* End PBXProject section */

/* Begin PBXResourcesBuildPhase section */
		1561825A1976C3DB00D16B5F /* Resources */ = {
			isa = PBXResourcesBuildPhase;
			buildActionMask = 2147483647;
			files = (
				156182761976C3DB00D16B5F /* Main_iPad.storyboard in Resources */,
				1561827B1976C3DB00D16B5F /* Images.xcassets in Resources */,
				156182731976C3DB00D16B5F /* Main_iPhone.storyboard in Resources */,
				15EFAA2C19863B7C00322C97 /* UITV_accessory_disclosure.png in Resources */,
				15060E0A1980066E00E68EB1 /* ShareAssets.xcassets in Resources */,
				15922069198FA76B001CF232 /* Localizable.strings in Resources */,
				1561826A1976C3DB00D16B5F /* InfoPlist.strings in Resources */,
				1592205B198F9876001CF232 /* Settings.bundle in Resources */,
			);
			runOnlyForDeploymentPostprocessing = 0;
		};
		1561827E1976C3DB00D16B5F /* Resources */ = {
			isa = PBXResourcesBuildPhase;
			buildActionMask = 2147483647;
			files = (
				1561828C1976C3DB00D16B5F /* InfoPlist.strings in Resources */,
			);
			runOnlyForDeploymentPostprocessing = 0;
		};
/* End PBXResourcesBuildPhase section */

/* Begin PBXShellScriptBuildPhase section */
		5F6907BB0D9A49C59FB67DD6 /* Check Pods Manifest.lock */ = {
			isa = PBXShellScriptBuildPhase;
			buildActionMask = 2147483647;
			files = (
			);
			inputPaths = (
			);
			name = "Check Pods Manifest.lock";
			outputPaths = (
			);
			runOnlyForDeploymentPostprocessing = 0;
			shellPath = /bin/sh;
			shellScript = "diff \"${PODS_ROOT}/../Podfile.lock\" \"${PODS_ROOT}/Manifest.lock\" > /dev/null\nif [[ $? != 0 ]] ; then\n    cat << EOM\nerror: The sandbox is not in sync with the Podfile.lock. Run 'pod install' or update your CocoaPods installation.\nEOM\n    exit 1\nfi\n";
			showEnvVarsInLog = 0;
		};
		FCAC53A51AC1463EAC7C14E9 /* Copy Pods Resources */ = {
			isa = PBXShellScriptBuildPhase;
			buildActionMask = 2147483647;
			files = (
			);
			inputPaths = (
			);
			name = "Copy Pods Resources";
			outputPaths = (
			);
			runOnlyForDeploymentPostprocessing = 0;
			shellPath = /bin/sh;
			shellScript = "\"${SRCROOT}/Pods/Pods-resources.sh\"\n";
			showEnvVarsInLog = 0;
		};
/* End PBXShellScriptBuildPhase section */

/* Begin PBXSourcesBuildPhase section */
		156182581976C3DB00D16B5F /* Sources */ = {
			isa = PBXSourcesBuildPhase;
			buildActionMask = 2147483647;
			files = (
				15060DF9197F995400E68EB1 /* Reachability.m in Sources */,
				156AFA23197CEF5000813E2D /* NewsTableViewController.m in Sources */,
				156AFA1E197CEF3400813E2D /* NewsCell.m in Sources */,
				15060E05197FE74E00E68EB1 /* GoogleAnalyticsManager.m in Sources */,
				151F4C96198A704D0019B26D /* CategoryManager.m in Sources */,
				15F8331C19823BBC00E91714 /* DataProvider.m in Sources */,
				151F4C99198A88320019B26D /* CategoryCell.m in Sources */,
				15E65FED198668660059BEB5 /* FavoriteNewsManager.m in Sources */,
				156AFA18197CEE3000813E2D /* TUTNews.m in Sources */,
				1592206F198FB35B001CF232 /* TabBarController.m in Sources */,
				15060E081980040400E68EB1 /* ShareManager.m in Sources */,
				15878A061990DB260017374B /* NSString+MD5.m in Sources */,
				156AFA24197CEF5000813E2D /* WebViewController.m in Sources */,
				15E65FF019868F7F0059BEB5 /* CategoryTableViewController.m in Sources */,
				15060E1019800BC900E68EB1 /* UIPopover+Iphone.m in Sources */,
				156E5D7C198B7AC700D8B6DC /* NewsCategoryItem.m in Sources */,
				15878A0C19910C2B0017374B /* NewsItem.m in Sources */,
				156AFA37197D088E00813E2D /* XMLParser.m in Sources */,
				156E5D7F198B7B4C00D8B6DC /* GlobalCategoriesArray.m in Sources */,
				15878A091990FDA50017374B /* CacheFilesManager.m in Sources */,
				15922063198FA699001CF232 /* LocalizationSystem.m in Sources */,
				154F68EA1980528100FF3238 /* ShareViewController.m in Sources */,
				156AFA31197CFE9200813E2D /* PersistenceFacade.m in Sources */,
				15060DFF197F9F7E00E68EB1 /* AlertManager.m in Sources */,
				15E5B61519922099001140FA /* SettingsManager.m in Sources */,
				156AFA2D197CF82400813E2D /* RemoteFacade.m in Sources */,
				156E5D79198B7A6F00D8B6DC /* NewsSubCategoryItem.m in Sources */,
				15F8331F19824FD700E91714 /* PageViewController.m in Sources */,
				156182701976C3DB00D16B5F /* AppDelegate.m in Sources */,
				1561826C1976C3DB00D16B5F /* main.m in Sources */,
				156AFA1B197CEE3F00813E2D /* newsModel.xcdatamodeld in Sources */,
			);
			runOnlyForDeploymentPostprocessing = 0;
		};
		1561827C1976C3DB00D16B5F /* Sources */ = {
			isa = PBXSourcesBuildPhase;
			buildActionMask = 2147483647;
			files = (
				1561828E1976C3DB00D16B5F /* TutReaderTests.m in Sources */,
			);
			runOnlyForDeploymentPostprocessing = 0;
		};
/* End PBXSourcesBuildPhase section */

/* Begin PBXTargetDependency section */
		156182861976C3DB00D16B5F /* PBXTargetDependency */ = {
			isa = PBXTargetDependency;
			target = 1561825B1976C3DB00D16B5F /* TutReader */;
			targetProxy = 156182851976C3DB00D16B5F /* PBXContainerItemProxy */;
		};
/* End PBXTargetDependency section */

/* Begin PBXVariantGroup section */
		156182681976C3DB00D16B5F /* InfoPlist.strings */ = {
			isa = PBXVariantGroup;
			children = (
				156182691976C3DB00D16B5F /* en */,
			);
			name = InfoPlist.strings;
			sourceTree = "<group>";
		};
		156182711976C3DB00D16B5F /* Main_iPhone.storyboard */ = {
			isa = PBXVariantGroup;
			children = (
				156182721976C3DB00D16B5F /* Base */,
			);
			name = Main_iPhone.storyboard;
			sourceTree = "<group>";
		};
		156182741976C3DB00D16B5F /* Main_iPad.storyboard */ = {
			isa = PBXVariantGroup;
			children = (
				156182751976C3DB00D16B5F /* Base */,
			);
			name = Main_iPad.storyboard;
			sourceTree = "<group>";
		};
		1561828A1976C3DB00D16B5F /* InfoPlist.strings */ = {
			isa = PBXVariantGroup;
			children = (
				1561828B1976C3DB00D16B5F /* en */,
			);
			name = InfoPlist.strings;
			sourceTree = "<group>";
		};
		1592206B198FA76B001CF232 /* Localizable.strings */ = {
			isa = PBXVariantGroup;
			children = (
				1592206A198FA76B001CF232 /* en */,
				1592206C198FA80E001CF232 /* ru */,
			);
			name = Localizable.strings;
			sourceTree = "<group>";
		};
/* End PBXVariantGroup section */

/* Begin XCBuildConfiguration section */
		1561828F1976C3DB00D16B5F /* Debug */ = {
			isa = XCBuildConfiguration;
			buildSettings = {
				ALWAYS_SEARCH_USER_PATHS = NO;
				CLANG_CXX_LANGUAGE_STANDARD = "gnu++0x";
				CLANG_CXX_LIBRARY = "libc++";
				CLANG_ENABLE_MODULES = YES;
				CLANG_ENABLE_OBJC_ARC = YES;
				CLANG_WARN_BOOL_CONVERSION = YES;
				CLANG_WARN_CONSTANT_CONVERSION = YES;
				CLANG_WARN_DIRECT_OBJC_ISA_USAGE = YES_ERROR;
				CLANG_WARN_EMPTY_BODY = YES;
				CLANG_WARN_ENUM_CONVERSION = YES;
				CLANG_WARN_INT_CONVERSION = YES;
				CLANG_WARN_OBJC_ROOT_CLASS = YES_ERROR;
				CLANG_WARN__DUPLICATE_METHOD_MATCH = YES;
				"CODE_SIGN_IDENTITY[sdk=iphoneos*]" = "iPhone Developer";
				COPY_PHASE_STRIP = NO;
				GCC_C_LANGUAGE_STANDARD = gnu99;
				GCC_DYNAMIC_NO_PIC = NO;
				GCC_OPTIMIZATION_LEVEL = 0;
				GCC_PREPROCESSOR_DEFINITIONS = (
					"DEBUG=1",
					"$(inherited)",
				);
				GCC_SYMBOLS_PRIVATE_EXTERN = NO;
				GCC_WARN_64_TO_32_BIT_CONVERSION = YES;
				GCC_WARN_ABOUT_RETURN_TYPE = YES_ERROR;
				GCC_WARN_UNDECLARED_SELECTOR = YES;
				GCC_WARN_UNINITIALIZED_AUTOS = YES_AGGRESSIVE;
				GCC_WARN_UNUSED_FUNCTION = YES;
				GCC_WARN_UNUSED_VARIABLE = YES;
				IPHONEOS_DEPLOYMENT_TARGET = 7.1;
				ONLY_ACTIVE_ARCH = YES;
				SDKROOT = iphoneos;
				TARGETED_DEVICE_FAMILY = "1,2";
			};
			name = Debug;
		};
		156182901976C3DB00D16B5F /* Release */ = {
			isa = XCBuildConfiguration;
			buildSettings = {
				ALWAYS_SEARCH_USER_PATHS = NO;
				CLANG_CXX_LANGUAGE_STANDARD = "gnu++0x";
				CLANG_CXX_LIBRARY = "libc++";
				CLANG_ENABLE_MODULES = YES;
				CLANG_ENABLE_OBJC_ARC = YES;
				CLANG_WARN_BOOL_CONVERSION = YES;
				CLANG_WARN_CONSTANT_CONVERSION = YES;
				CLANG_WARN_DIRECT_OBJC_ISA_USAGE = YES_ERROR;
				CLANG_WARN_EMPTY_BODY = YES;
				CLANG_WARN_ENUM_CONVERSION = YES;
				CLANG_WARN_INT_CONVERSION = YES;
				CLANG_WARN_OBJC_ROOT_CLASS = YES_ERROR;
				CLANG_WARN__DUPLICATE_METHOD_MATCH = YES;
				"CODE_SIGN_IDENTITY[sdk=iphoneos*]" = "iPhone Developer";
				COPY_PHASE_STRIP = YES;
				ENABLE_NS_ASSERTIONS = NO;
				GCC_C_LANGUAGE_STANDARD = gnu99;
				GCC_WARN_64_TO_32_BIT_CONVERSION = YES;
				GCC_WARN_ABOUT_RETURN_TYPE = YES_ERROR;
				GCC_WARN_UNDECLARED_SELECTOR = YES;
				GCC_WARN_UNINITIALIZED_AUTOS = YES_AGGRESSIVE;
				GCC_WARN_UNUSED_FUNCTION = YES;
				GCC_WARN_UNUSED_VARIABLE = YES;
				IPHONEOS_DEPLOYMENT_TARGET = 7.1;
				SDKROOT = iphoneos;
				TARGETED_DEVICE_FAMILY = "1,2";
				VALIDATE_PRODUCT = YES;
			};
			name = Release;
		};
		156182921976C3DB00D16B5F /* Debug */ = {
			isa = XCBuildConfiguration;
			baseConfigurationReference = 9B9CCEF8429341D1970C1D0F /* Pods.xcconfig */;
			buildSettings = {
				ASSETCATALOG_COMPILER_APPICON_NAME = "AppIcon-1";
				ASSETCATALOG_COMPILER_LAUNCHIMAGE_NAME = LaunchImage;
				CODE_SIGN_IDENTITY = "iPhone Developer";
				GCC_PRECOMPILE_PREFIX_HEADER = YES;
				GCC_PREFIX_HEADER = "TutReader/TutReader-Prefix.pch";
				INFOPLIST_FILE = "TutReader/TutReader-Info.plist";
				IPHONEOS_DEPLOYMENT_TARGET = 6.0;
				PRODUCT_NAME = "$(TARGET_NAME)";
				PROVISIONING_PROFILE = "C9AB82B6-1D45-4947-8A9F-120C9EC8B132";
				WRAPPER_EXTENSION = app;
			};
			name = Debug;
		};
		156182931976C3DB00D16B5F /* Release */ = {
			isa = XCBuildConfiguration;
			baseConfigurationReference = 9B9CCEF8429341D1970C1D0F /* Pods.xcconfig */;
			buildSettings = {
				ASSETCATALOG_COMPILER_APPICON_NAME = "AppIcon-1";
				ASSETCATALOG_COMPILER_LAUNCHIMAGE_NAME = LaunchImage;
				CODE_SIGN_IDENTITY = "iPhone Developer";
				GCC_PRECOMPILE_PREFIX_HEADER = YES;
				GCC_PREFIX_HEADER = "TutReader/TutReader-Prefix.pch";
				INFOPLIST_FILE = "TutReader/TutReader-Info.plist";
				IPHONEOS_DEPLOYMENT_TARGET = 6.0;
				PRODUCT_NAME = "$(TARGET_NAME)";
				PROVISIONING_PROFILE = "C9AB82B6-1D45-4947-8A9F-120C9EC8B132";
				WRAPPER_EXTENSION = app;
			};
			name = Release;
		};
		156182951976C3DB00D16B5F /* Debug */ = {
			isa = XCBuildConfiguration;
			buildSettings = {
				BUNDLE_LOADER = "$(BUILT_PRODUCTS_DIR)/TutReader.app/TutReader";
				FRAMEWORK_SEARCH_PATHS = (
					"$(SDKROOT)/Developer/Library/Frameworks",
					"$(inherited)",
					"$(DEVELOPER_FRAMEWORKS_DIR)",
				);
				GCC_PRECOMPILE_PREFIX_HEADER = YES;
				GCC_PREFIX_HEADER = "TutReader/TutReader-Prefix.pch";
				GCC_PREPROCESSOR_DEFINITIONS = (
					"DEBUG=1",
					"$(inherited)",
				);
				INFOPLIST_FILE = "TutReaderTests/TutReaderTests-Info.plist";
				PRODUCT_NAME = "$(TARGET_NAME)";
				TEST_HOST = "$(BUNDLE_LOADER)";
				WRAPPER_EXTENSION = xctest;
			};
			name = Debug;
		};
		156182961976C3DB00D16B5F /* Release */ = {
			isa = XCBuildConfiguration;
			buildSettings = {
				BUNDLE_LOADER = "$(BUILT_PRODUCTS_DIR)/TutReader.app/TutReader";
				FRAMEWORK_SEARCH_PATHS = (
					"$(SDKROOT)/Developer/Library/Frameworks",
					"$(inherited)",
					"$(DEVELOPER_FRAMEWORKS_DIR)",
				);
				GCC_PRECOMPILE_PREFIX_HEADER = YES;
				GCC_PREFIX_HEADER = "TutReader/TutReader-Prefix.pch";
				INFOPLIST_FILE = "TutReaderTests/TutReaderTests-Info.plist";
				PRODUCT_NAME = "$(TARGET_NAME)";
				TEST_HOST = "$(BUNDLE_LOADER)";
				WRAPPER_EXTENSION = xctest;
			};
			name = Release;
		};
/* End XCBuildConfiguration section */

/* Begin XCConfigurationList section */
		156182571976C3DB00D16B5F /* Build configuration list for PBXProject "TutReader" */ = {
			isa = XCConfigurationList;
			buildConfigurations = (
				1561828F1976C3DB00D16B5F /* Debug */,
				156182901976C3DB00D16B5F /* Release */,
			);
			defaultConfigurationIsVisible = 0;
			defaultConfigurationName = Release;
		};
		156182911976C3DB00D16B5F /* Build configuration list for PBXNativeTarget "TutReader" */ = {
			isa = XCConfigurationList;
			buildConfigurations = (
				156182921976C3DB00D16B5F /* Debug */,
				156182931976C3DB00D16B5F /* Release */,
			);
			defaultConfigurationIsVisible = 0;
			defaultConfigurationName = Release;
		};
		156182941976C3DB00D16B5F /* Build configuration list for PBXNativeTarget "TutReaderTests" */ = {
			isa = XCConfigurationList;
			buildConfigurations = (
				156182951976C3DB00D16B5F /* Debug */,
				156182961976C3DB00D16B5F /* Release */,
			);
			defaultConfigurationIsVisible = 0;
			defaultConfigurationName = Release;
		};
/* End XCConfigurationList section */

/* Begin XCVersionGroup section */
		156AFA19197CEE3F00813E2D /* newsModel.xcdatamodeld */ = {
			isa = XCVersionGroup;
			children = (
				156AFA1A197CEE3F00813E2D /* newsModel.xcdatamodel */,
			);
			currentVersion = 156AFA1A197CEE3F00813E2D /* newsModel.xcdatamodel */;
			name = newsModel.xcdatamodeld;
			path = source/Models/newsModel.xcdatamodeld;
			sourceTree = "<group>";
			versionGroupType = wrapper.xcdatamodel;
		};
/* End XCVersionGroup section */
	};
	rootObject = 156182541976C3DB00D16B5F /* Project object */;
}
