<?xml version="1.0" encoding="UTF-8"?>
<!DOCTYPE plist PUBLIC "-//Apple//DTD PLIST 1.0//EN" "http://www.apple.com/DTDs/PropertyList-1.0.dtd">
<plist version="1.0">
<dict>
	<key>archiveVersion</key>
	<string>1</string>
	<key>classes</key>
	<dict/>
	<key>objectVersion</key>
	<string>46</string>
	<key>objects</key>
	<dict>
		<key>051597C514C44F93AED2A5BE</key>
		<dict>
			<key>fileRef</key>
			<string>731387ED6E404FC383024DBE</string>
			<key>isa</key>
			<string>PBXBuildFile</string>
		</dict>
		<key>15060DF7197F995400E68EB1</key>
		<dict>
			<key>fileEncoding</key>
			<string>4</string>
			<key>isa</key>
			<string>PBXFileReference</string>
			<key>lastKnownFileType</key>
			<string>sourcecode.c.h</string>
			<key>path</key>
			<string>Reachability.h</string>
			<key>sourceTree</key>
			<string>&lt;group&gt;</string>
		</dict>
		<key>15060DF8197F995400E68EB1</key>
		<dict>
			<key>fileEncoding</key>
			<string>4</string>
			<key>isa</key>
			<string>PBXFileReference</string>
			<key>lastKnownFileType</key>
			<string>sourcecode.c.objc</string>
			<key>path</key>
			<string>Reachability.m</string>
			<key>sourceTree</key>
			<string>&lt;group&gt;</string>
		</dict>
		<key>15060DF9197F995400E68EB1</key>
		<dict>
			<key>fileRef</key>
			<string>15060DF8197F995400E68EB1</string>
			<key>isa</key>
			<string>PBXBuildFile</string>
		</dict>
		<key>15060DFB197F9EE200E68EB1</key>
		<dict>
			<key>children</key>
			<array>
				<string>1561829B1976C98F00D16B5F</string>
				<string>156AFA2B197CF82400813E2D</string>
				<string>156AFA2C197CF82400813E2D</string>
				<string>156AFA2F197CFE9200813E2D</string>
				<string>156AFA30197CFE9200813E2D</string>
			</array>
			<key>isa</key>
			<string>PBXGroup</string>
			<key>name</key>
			<string>Data</string>
			<key>sourceTree</key>
			<string>&lt;group&gt;</string>
		</dict>
		<key>15060DFC197F9F3800E68EB1</key>
		<dict>
			<key>children</key>
			<array>
				<string>15060DFD197F9F7E00E68EB1</string>
				<string>15060DFE197F9F7E00E68EB1</string>
			</array>
			<key>isa</key>
			<string>PBXGroup</string>
			<key>name</key>
			<string>Managers</string>
			<key>sourceTree</key>
			<string>&lt;group&gt;</string>
		</dict>
		<key>15060DFD197F9F7E00E68EB1</key>
		<dict>
			<key>fileEncoding</key>
			<string>4</string>
			<key>isa</key>
			<string>PBXFileReference</string>
			<key>lastKnownFileType</key>
			<string>sourcecode.c.h</string>
			<key>name</key>
			<string>AlertManager.h</string>
			<key>path</key>
			<string>Source/Managers/AlertManager.h</string>
			<key>sourceTree</key>
			<string>&lt;group&gt;</string>
		</dict>
		<key>15060DFE197F9F7E00E68EB1</key>
		<dict>
			<key>fileEncoding</key>
			<string>4</string>
			<key>isa</key>
			<string>PBXFileReference</string>
			<key>lastKnownFileType</key>
			<string>sourcecode.c.objc</string>
			<key>name</key>
			<string>AlertManager.m</string>
			<key>path</key>
			<string>Source/Managers/AlertManager.m</string>
			<key>sourceTree</key>
			<string>&lt;group&gt;</string>
		</dict>
		<key>15060DFF197F9F7E00E68EB1</key>
		<dict>
			<key>fileRef</key>
			<string>15060DFE197F9F7E00E68EB1</string>
			<key>isa</key>
			<string>PBXBuildFile</string>
		</dict>
		<key>15060E00197FB0B500E68EB1</key>
		<dict>
			<key>fileEncoding</key>
			<string>4</string>
			<key>isa</key>
			<string>PBXFileReference</string>
			<key>lastKnownFileType</key>
			<string>sourcecode.c.h</string>
			<key>name</key>
			<string>NewsItem.h</string>
			<key>path</key>
			<string>Source/Models/NewsItem.h</string>
			<key>sourceTree</key>
			<string>&lt;group&gt;</string>
		</dict>
		<key>15060E01197FB0B500E68EB1</key>
		<dict>
			<key>fileEncoding</key>
			<string>4</string>
			<key>isa</key>
			<string>PBXFileReference</string>
			<key>lastKnownFileType</key>
			<string>sourcecode.c.objc</string>
			<key>name</key>
			<string>NewsItem.m</string>
			<key>path</key>
			<string>Source/Models/NewsItem.m</string>
			<key>sourceTree</key>
			<string>&lt;group&gt;</string>
		</dict>
		<key>15060E02197FB0B500E68EB1</key>
		<dict>
			<key>fileRef</key>
			<string>15060E01197FB0B500E68EB1</string>
			<key>isa</key>
			<string>PBXBuildFile</string>
		</dict>
		<key>1544D81B1977D0C100A5A48E</key>
		<dict>
			<key>isa</key>
			<string>PBXFileReference</string>
			<key>lastKnownFileType</key>
			<string>wrapper.framework</string>
			<key>name</key>
			<string>CoreData.framework</string>
			<key>path</key>
			<string>System/Library/Frameworks/CoreData.framework</string>
			<key>sourceTree</key>
			<string>SDKROOT</string>
		</dict>
		<key>1544D81C1977D0C100A5A48E</key>
		<dict>
			<key>fileRef</key>
			<string>1544D81B1977D0C100A5A48E</string>
			<key>isa</key>
			<string>PBXBuildFile</string>
		</dict>
		<key>156182531976C3DB00D16B5F</key>
		<dict>
			<key>children</key>
			<array>
				<string>156182651976C3DB00D16B5F</string>
				<string>156182871976C3DB00D16B5F</string>
				<string>1561825E1976C3DB00D16B5F</string>
				<string>1561825D1976C3DB00D16B5F</string>
				<string>9B9CCEF8429341D1970C1D0F</string>
			</array>
			<key>isa</key>
			<string>PBXGroup</string>
			<key>sourceTree</key>
			<string>&lt;group&gt;</string>
		</dict>
		<key>156182541976C3DB00D16B5F</key>
		<dict>
			<key>attributes</key>
			<dict>
				<key>LastUpgradeCheck</key>
				<string>0510</string>
				<key>ORGANIZATIONNAME</key>
				<string>crekby</string>
				<key>TargetAttributes</key>
				<dict>
					<key>1561827F1976C3DB00D16B5F</key>
					<dict>
						<key>TestTargetID</key>
						<string>1561825B1976C3DB00D16B5F</string>
					</dict>
				</dict>
			</dict>
			<key>buildConfigurationList</key>
			<string>156182571976C3DB00D16B5F</string>
			<key>compatibilityVersion</key>
			<string>Xcode 3.2</string>
			<key>developmentRegion</key>
			<string>English</string>
			<key>hasScannedForEncodings</key>
			<string>0</string>
			<key>isa</key>
			<string>PBXProject</string>
			<key>knownRegions</key>
			<array>
				<string>en</string>
				<string>Base</string>
			</array>
			<key>mainGroup</key>
			<string>156182531976C3DB00D16B5F</string>
			<key>productRefGroup</key>
			<string>1561825D1976C3DB00D16B5F</string>
			<key>projectDirPath</key>
			<string></string>
			<key>projectReferences</key>
			<array/>
			<key>projectRoot</key>
			<string></string>
			<key>targets</key>
			<array>
				<string>1561825B1976C3DB00D16B5F</string>
				<string>1561827F1976C3DB00D16B5F</string>
			</array>
		</dict>
		<key>156182571976C3DB00D16B5F</key>
		<dict>
			<key>buildConfigurations</key>
			<array>
				<string>1561828F1976C3DB00D16B5F</string>
				<string>156182901976C3DB00D16B5F</string>
			</array>
			<key>defaultConfigurationIsVisible</key>
			<string>0</string>
			<key>defaultConfigurationName</key>
			<string>Release</string>
			<key>isa</key>
			<string>XCConfigurationList</string>
		</dict>
		<key>156182581976C3DB00D16B5F</key>
		<dict>
			<key>buildActionMask</key>
			<string>2147483647</string>
			<key>files</key>
			<array>
				<string>15060DF9197F995400E68EB1</string>
				<string>156AFA23197CEF5000813E2D</string>
				<string>156AFA1E197CEF3400813E2D</string>
				<string>15060E02197FB0B500E68EB1</string>
				<string>156AFA18197CEE3000813E2D</string>
				<string>156AFA24197CEF5000813E2D</string>
				<string>156AFA37197D088E00813E2D</string>
				<string>156AFA2A197CEF8B00813E2D</string>
				<string>156AFA31197CFE9200813E2D</string>
				<string>15060DFF197F9F7E00E68EB1</string>
				<string>156AFA2D197CF82400813E2D</string>
				<string>156AFA27197CEF7600813E2D</string>
				<string>156182701976C3DB00D16B5F</string>
				<string>1561826C1976C3DB00D16B5F</string>
				<string>156AFA1B197CEE3F00813E2D</string>
			</array>
			<key>isa</key>
			<string>PBXSourcesBuildPhase</string>
			<key>runOnlyForDeploymentPostprocessing</key>
			<string>0</string>
		</dict>
		<key>156182591976C3DB00D16B5F</key>
		<dict>
			<key>buildActionMask</key>
			<string>2147483647</string>
			<key>files</key>
			<array>
				<string>1544D81C1977D0C100A5A48E</string>
				<string>156182621976C3DB00D16B5F</string>
				<string>156182641976C3DB00D16B5F</string>
				<string>156182601976C3DB00D16B5F</string>
				<string>051597C514C44F93AED2A5BE</string>
			</array>
			<key>isa</key>
			<string>PBXFrameworksBuildPhase</string>
			<key>runOnlyForDeploymentPostprocessing</key>
			<string>0</string>
		</dict>
		<key>1561825A1976C3DB00D16B5F</key>
		<dict>
			<key>buildActionMask</key>
			<string>2147483647</string>
			<key>files</key>
			<array>
				<string>156182761976C3DB00D16B5F</string>
				<string>1561827B1976C3DB00D16B5F</string>
				<string>156182731976C3DB00D16B5F</string>
				<string>1561826A1976C3DB00D16B5F</string>
			</array>
			<key>isa</key>
			<string>PBXResourcesBuildPhase</string>
			<key>runOnlyForDeploymentPostprocessing</key>
			<string>0</string>
		</dict>
		<key>1561825B1976C3DB00D16B5F</key>
		<dict>
			<key>buildConfigurationList</key>
			<string>156182911976C3DB00D16B5F</string>
			<key>buildPhases</key>
			<array>
				<string>5F6907BB0D9A49C59FB67DD6</string>
				<string>156182581976C3DB00D16B5F</string>
				<string>156182591976C3DB00D16B5F</string>
				<string>1561825A1976C3DB00D16B5F</string>
				<string>FCAC53A51AC1463EAC7C14E9</string>
			</array>
			<key>buildRules</key>
			<array/>
			<key>dependencies</key>
			<array/>
			<key>isa</key>
			<string>PBXNativeTarget</string>
			<key>name</key>
			<string>TutReader</string>
			<key>productName</key>
			<string>TutReader</string>
			<key>productReference</key>
			<string>1561825C1976C3DB00D16B5F</string>
			<key>productType</key>
			<string>com.apple.product-type.application</string>
		</dict>
		<key>1561825C1976C3DB00D16B5F</key>
		<dict>
			<key>explicitFileType</key>
			<string>wrapper.application</string>
			<key>includeInIndex</key>
			<string>0</string>
			<key>isa</key>
			<string>PBXFileReference</string>
			<key>path</key>
			<string>TutReader.app</string>
			<key>sourceTree</key>
			<string>BUILT_PRODUCTS_DIR</string>
		</dict>
		<key>1561825D1976C3DB00D16B5F</key>
		<dict>
			<key>children</key>
			<array>
				<string>1561825C1976C3DB00D16B5F</string>
				<string>156182801976C3DB00D16B5F</string>
			</array>
			<key>isa</key>
			<string>PBXGroup</string>
			<key>name</key>
			<string>Products</string>
			<key>sourceTree</key>
			<string>&lt;group&gt;</string>
		</dict>
		<key>1561825E1976C3DB00D16B5F</key>
		<dict>
			<key>children</key>
			<array>
				<string>1544D81B1977D0C100A5A48E</string>
				<string>1561825F1976C3DB00D16B5F</string>
				<string>156182611976C3DB00D16B5F</string>
				<string>156182631976C3DB00D16B5F</string>
				<string>156182811976C3DB00D16B5F</string>
				<string>731387ED6E404FC383024DBE</string>
			</array>
			<key>isa</key>
			<string>PBXGroup</string>
			<key>name</key>
			<string>Frameworks</string>
			<key>sourceTree</key>
			<string>&lt;group&gt;</string>
		</dict>
		<key>1561825F1976C3DB00D16B5F</key>
		<dict>
			<key>isa</key>
			<string>PBXFileReference</string>
			<key>lastKnownFileType</key>
			<string>wrapper.framework</string>
			<key>name</key>
			<string>Foundation.framework</string>
			<key>path</key>
			<string>System/Library/Frameworks/Foundation.framework</string>
			<key>sourceTree</key>
			<string>SDKROOT</string>
		</dict>
		<key>156182601976C3DB00D16B5F</key>
		<dict>
			<key>fileRef</key>
			<string>1561825F1976C3DB00D16B5F</string>
			<key>isa</key>
			<string>PBXBuildFile</string>
		</dict>
		<key>156182611976C3DB00D16B5F</key>
		<dict>
			<key>isa</key>
			<string>PBXFileReference</string>
			<key>lastKnownFileType</key>
			<string>wrapper.framework</string>
			<key>name</key>
			<string>CoreGraphics.framework</string>
			<key>path</key>
			<string>System/Library/Frameworks/CoreGraphics.framework</string>
			<key>sourceTree</key>
			<string>SDKROOT</string>
		</dict>
		<key>156182621976C3DB00D16B5F</key>
		<dict>
			<key>fileRef</key>
			<string>156182611976C3DB00D16B5F</string>
			<key>isa</key>
			<string>PBXBuildFile</string>
		</dict>
		<key>156182631976C3DB00D16B5F</key>
		<dict>
			<key>isa</key>
			<string>PBXFileReference</string>
			<key>lastKnownFileType</key>
			<string>wrapper.framework</string>
			<key>name</key>
			<string>UIKit.framework</string>
			<key>path</key>
			<string>System/Library/Frameworks/UIKit.framework</string>
			<key>sourceTree</key>
			<string>SDKROOT</string>
		</dict>
		<key>156182641976C3DB00D16B5F</key>
		<dict>
			<key>fileRef</key>
			<string>156182631976C3DB00D16B5F</string>
			<key>isa</key>
			<string>PBXBuildFile</string>
		</dict>
		<key>156182651976C3DB00D16B5F</key>
		<dict>
			<key>children</key>
			<array>
				<string>15712C69197954AA00A73DC5</string>
				<string>15712C6A197954C900A73DC5</string>
				<string>156182661976C3DB00D16B5F</string>
			</array>
			<key>isa</key>
			<string>PBXGroup</string>
			<key>path</key>
			<string>TutReader</string>
			<key>sourceTree</key>
			<string>&lt;group&gt;</string>
		</dict>
		<key>156182661976C3DB00D16B5F</key>
		<dict>
			<key>children</key>
			<array>
				<string>156182671976C3DB00D16B5F</string>
				<string>156182681976C3DB00D16B5F</string>
				<string>1561826B1976C3DB00D16B5F</string>
				<string>1561826D1976C3DB00D16B5F</string>
			</array>
			<key>isa</key>
			<string>PBXGroup</string>
			<key>name</key>
			<string>Supporting Files</string>
			<key>sourceTree</key>
			<string>&lt;group&gt;</string>
		</dict>
		<key>156182671976C3DB00D16B5F</key>
		<dict>
			<key>isa</key>
			<string>PBXFileReference</string>
			<key>lastKnownFileType</key>
			<string>text.plist.xml</string>
			<key>path</key>
			<string>TutReader-Info.plist</string>
			<key>sourceTree</key>
			<string>&lt;group&gt;</string>
		</dict>
		<key>156182681976C3DB00D16B5F</key>
		<dict>
			<key>children</key>
			<array>
				<string>156182691976C3DB00D16B5F</string>
			</array>
			<key>isa</key>
			<string>PBXVariantGroup</string>
			<key>name</key>
			<string>InfoPlist.strings</string>
			<key>sourceTree</key>
			<string>&lt;group&gt;</string>
		</dict>
		<key>156182691976C3DB00D16B5F</key>
		<dict>
			<key>isa</key>
			<string>PBXFileReference</string>
			<key>lastKnownFileType</key>
			<string>text.plist.strings</string>
			<key>name</key>
			<string>en</string>
			<key>path</key>
			<string>en.lproj/InfoPlist.strings</string>
			<key>sourceTree</key>
			<string>&lt;group&gt;</string>
		</dict>
		<key>1561826A1976C3DB00D16B5F</key>
		<dict>
			<key>fileRef</key>
			<string>156182681976C3DB00D16B5F</string>
			<key>isa</key>
			<string>PBXBuildFile</string>
		</dict>
		<key>1561826B1976C3DB00D16B5F</key>
		<dict>
			<key>isa</key>
			<string>PBXFileReference</string>
			<key>lastKnownFileType</key>
			<string>sourcecode.c.objc</string>
			<key>path</key>
			<string>main.m</string>
			<key>sourceTree</key>
			<string>&lt;group&gt;</string>
		</dict>
		<key>1561826C1976C3DB00D16B5F</key>
		<dict>
			<key>fileRef</key>
			<string>1561826B1976C3DB00D16B5F</string>
			<key>isa</key>
			<string>PBXBuildFile</string>
		</dict>
		<key>1561826D1976C3DB00D16B5F</key>
		<dict>
			<key>isa</key>
			<string>PBXFileReference</string>
			<key>lastKnownFileType</key>
			<string>sourcecode.c.h</string>
			<key>path</key>
			<string>TutReader-Prefix.pch</string>
			<key>sourceTree</key>
			<string>&lt;group&gt;</string>
		</dict>
		<key>1561826E1976C3DB00D16B5F</key>
		<dict>
			<key>isa</key>
			<string>PBXFileReference</string>
			<key>lastKnownFileType</key>
			<string>sourcecode.c.h</string>
			<key>path</key>
			<string>AppDelegate.h</string>
			<key>sourceTree</key>
			<string>&lt;group&gt;</string>
		</dict>
		<key>1561826F1976C3DB00D16B5F</key>
		<dict>
			<key>isa</key>
			<string>PBXFileReference</string>
			<key>lastKnownFileType</key>
			<string>sourcecode.c.objc</string>
			<key>path</key>
			<string>AppDelegate.m</string>
			<key>sourceTree</key>
			<string>&lt;group&gt;</string>
		</dict>
		<key>156182701976C3DB00D16B5F</key>
		<dict>
			<key>fileRef</key>
			<string>1561826F1976C3DB00D16B5F</string>
			<key>isa</key>
			<string>PBXBuildFile</string>
		</dict>
		<key>156182711976C3DB00D16B5F</key>
		<dict>
			<key>children</key>
			<array>
				<string>156182721976C3DB00D16B5F</string>
			</array>
			<key>isa</key>
			<string>PBXVariantGroup</string>
			<key>name</key>
			<string>Main_iPhone.storyboard</string>
			<key>sourceTree</key>
			<string>&lt;group&gt;</string>
		</dict>
		<key>156182721976C3DB00D16B5F</key>
		<dict>
			<key>isa</key>
			<string>PBXFileReference</string>
			<key>lastKnownFileType</key>
			<string>file.storyboard</string>
			<key>name</key>
			<string>Base</string>
			<key>path</key>
			<string>Base.lproj/Main_iPhone.storyboard</string>
			<key>sourceTree</key>
			<string>&lt;group&gt;</string>
		</dict>
		<key>156182731976C3DB00D16B5F</key>
		<dict>
			<key>fileRef</key>
			<string>156182711976C3DB00D16B5F</string>
			<key>isa</key>
			<string>PBXBuildFile</string>
		</dict>
		<key>156182741976C3DB00D16B5F</key>
		<dict>
			<key>children</key>
			<array>
				<string>156182751976C3DB00D16B5F</string>
			</array>
			<key>isa</key>
			<string>PBXVariantGroup</string>
			<key>name</key>
			<string>Main_iPad.storyboard</string>
			<key>sourceTree</key>
			<string>&lt;group&gt;</string>
		</dict>
		<key>156182751976C3DB00D16B5F</key>
		<dict>
			<key>isa</key>
			<string>PBXFileReference</string>
			<key>lastKnownFileType</key>
			<string>file.storyboard</string>
			<key>name</key>
			<string>Base</string>
			<key>path</key>
			<string>Base.lproj/Main_iPad.storyboard</string>
			<key>sourceTree</key>
			<string>&lt;group&gt;</string>
		</dict>
		<key>156182761976C3DB00D16B5F</key>
		<dict>
			<key>fileRef</key>
			<string>156182741976C3DB00D16B5F</string>
			<key>isa</key>
			<string>PBXBuildFile</string>
		</dict>
		<key>1561827A1976C3DB00D16B5F</key>
		<dict>
			<key>isa</key>
			<string>PBXFileReference</string>
			<key>lastKnownFileType</key>
			<string>folder.assetcatalog</string>
			<key>path</key>
			<string>Images.xcassets</string>
			<key>sourceTree</key>
			<string>&lt;group&gt;</string>
		</dict>
		<key>1561827B1976C3DB00D16B5F</key>
		<dict>
			<key>fileRef</key>
			<string>1561827A1976C3DB00D16B5F</string>
			<key>isa</key>
			<string>PBXBuildFile</string>
		</dict>
		<key>1561827C1976C3DB00D16B5F</key>
		<dict>
			<key>buildActionMask</key>
			<string>2147483647</string>
			<key>files</key>
			<array>
				<string>1561828E1976C3DB00D16B5F</string>
			</array>
			<key>isa</key>
			<string>PBXSourcesBuildPhase</string>
			<key>runOnlyForDeploymentPostprocessing</key>
			<string>0</string>
		</dict>
		<key>1561827D1976C3DB00D16B5F</key>
		<dict>
			<key>buildActionMask</key>
			<string>2147483647</string>
			<key>files</key>
			<array>
				<string>156182821976C3DB00D16B5F</string>
				<string>156182841976C3DB00D16B5F</string>
				<string>156182831976C3DB00D16B5F</string>
			</array>
			<key>isa</key>
			<string>PBXFrameworksBuildPhase</string>
			<key>runOnlyForDeploymentPostprocessing</key>
			<string>0</string>
		</dict>
		<key>1561827E1976C3DB00D16B5F</key>
		<dict>
			<key>buildActionMask</key>
			<string>2147483647</string>
			<key>files</key>
			<array>
				<string>1561828C1976C3DB00D16B5F</string>
			</array>
			<key>isa</key>
			<string>PBXResourcesBuildPhase</string>
			<key>runOnlyForDeploymentPostprocessing</key>
			<string>0</string>
		</dict>
		<key>1561827F1976C3DB00D16B5F</key>
		<dict>
			<key>buildConfigurationList</key>
			<string>156182941976C3DB00D16B5F</string>
			<key>buildPhases</key>
			<array>
				<string>1561827C1976C3DB00D16B5F</string>
				<string>1561827D1976C3DB00D16B5F</string>
				<string>1561827E1976C3DB00D16B5F</string>
			</array>
			<key>buildRules</key>
			<array/>
			<key>dependencies</key>
			<array>
				<string>156182861976C3DB00D16B5F</string>
			</array>
			<key>isa</key>
			<string>PBXNativeTarget</string>
			<key>name</key>
			<string>TutReaderTests</string>
			<key>productName</key>
			<string>TutReaderTests</string>
			<key>productReference</key>
			<string>156182801976C3DB00D16B5F</string>
			<key>productType</key>
			<string>com.apple.product-type.bundle.unit-test</string>
		</dict>
		<key>156182801976C3DB00D16B5F</key>
		<dict>
			<key>explicitFileType</key>
			<string>wrapper.cfbundle</string>
			<key>includeInIndex</key>
			<string>0</string>
			<key>isa</key>
			<string>PBXFileReference</string>
			<key>path</key>
			<string>TutReaderTests.xctest</string>
			<key>sourceTree</key>
			<string>BUILT_PRODUCTS_DIR</string>
		</dict>
		<key>156182811976C3DB00D16B5F</key>
		<dict>
			<key>isa</key>
			<string>PBXFileReference</string>
			<key>lastKnownFileType</key>
			<string>wrapper.framework</string>
			<key>name</key>
			<string>XCTest.framework</string>
			<key>path</key>
			<string>Library/Frameworks/XCTest.framework</string>
			<key>sourceTree</key>
			<string>DEVELOPER_DIR</string>
		</dict>
		<key>156182821976C3DB00D16B5F</key>
		<dict>
			<key>fileRef</key>
			<string>156182811976C3DB00D16B5F</string>
			<key>isa</key>
			<string>PBXBuildFile</string>
		</dict>
		<key>156182831976C3DB00D16B5F</key>
		<dict>
			<key>fileRef</key>
			<string>1561825F1976C3DB00D16B5F</string>
			<key>isa</key>
			<string>PBXBuildFile</string>
		</dict>
		<key>156182841976C3DB00D16B5F</key>
		<dict>
			<key>fileRef</key>
			<string>156182631976C3DB00D16B5F</string>
			<key>isa</key>
			<string>PBXBuildFile</string>
		</dict>
		<key>156182851976C3DB00D16B5F</key>
		<dict>
			<key>containerPortal</key>
			<string>156182541976C3DB00D16B5F</string>
			<key>isa</key>
			<string>PBXContainerItemProxy</string>
			<key>proxyType</key>
			<string>1</string>
			<key>remoteGlobalIDString</key>
			<string>1561825B1976C3DB00D16B5F</string>
			<key>remoteInfo</key>
			<string>TutReader</string>
		</dict>
		<key>156182861976C3DB00D16B5F</key>
		<dict>
			<key>isa</key>
			<string>PBXTargetDependency</string>
			<key>target</key>
			<string>1561825B1976C3DB00D16B5F</string>
			<key>targetProxy</key>
			<string>156182851976C3DB00D16B5F</string>
		</dict>
		<key>156182871976C3DB00D16B5F</key>
		<dict>
			<key>children</key>
			<array>
				<string>1561828D1976C3DB00D16B5F</string>
				<string>156182881976C3DB00D16B5F</string>
			</array>
			<key>isa</key>
			<string>PBXGroup</string>
			<key>path</key>
			<string>TutReaderTests</string>
			<key>sourceTree</key>
			<string>&lt;group&gt;</string>
		</dict>
		<key>156182881976C3DB00D16B5F</key>
		<dict>
			<key>children</key>
			<array>
				<string>156182891976C3DB00D16B5F</string>
				<string>1561828A1976C3DB00D16B5F</string>
			</array>
			<key>isa</key>
			<string>PBXGroup</string>
			<key>name</key>
			<string>Supporting Files</string>
			<key>sourceTree</key>
			<string>&lt;group&gt;</string>
		</dict>
		<key>156182891976C3DB00D16B5F</key>
		<dict>
			<key>isa</key>
			<string>PBXFileReference</string>
			<key>lastKnownFileType</key>
			<string>text.plist.xml</string>
			<key>path</key>
			<string>TutReaderTests-Info.plist</string>
			<key>sourceTree</key>
			<string>&lt;group&gt;</string>
		</dict>
		<key>1561828A1976C3DB00D16B5F</key>
		<dict>
			<key>children</key>
			<array>
				<string>1561828B1976C3DB00D16B5F</string>
			</array>
			<key>isa</key>
			<string>PBXVariantGroup</string>
			<key>name</key>
			<string>InfoPlist.strings</string>
			<key>sourceTree</key>
			<string>&lt;group&gt;</string>
		</dict>
		<key>1561828B1976C3DB00D16B5F</key>
		<dict>
			<key>isa</key>
			<string>PBXFileReference</string>
			<key>lastKnownFileType</key>
			<string>text.plist.strings</string>
			<key>name</key>
			<string>en</string>
			<key>path</key>
			<string>en.lproj/InfoPlist.strings</string>
			<key>sourceTree</key>
			<string>&lt;group&gt;</string>
		</dict>
		<key>1561828C1976C3DB00D16B5F</key>
		<dict>
			<key>fileRef</key>
			<string>1561828A1976C3DB00D16B5F</string>
			<key>isa</key>
			<string>PBXBuildFile</string>
		</dict>
		<key>1561828D1976C3DB00D16B5F</key>
		<dict>
			<key>isa</key>
			<string>PBXFileReference</string>
			<key>lastKnownFileType</key>
			<string>sourcecode.c.objc</string>
			<key>path</key>
			<string>TutReaderTests.m</string>
			<key>sourceTree</key>
			<string>&lt;group&gt;</string>
		</dict>
		<key>1561828E1976C3DB00D16B5F</key>
		<dict>
			<key>fileRef</key>
			<string>1561828D1976C3DB00D16B5F</string>
			<key>isa</key>
			<string>PBXBuildFile</string>
		</dict>
		<key>1561828F1976C3DB00D16B5F</key>
		<dict>
			<key>buildSettings</key>
			<dict>
				<key>ALWAYS_SEARCH_USER_PATHS</key>
				<string>NO</string>
				<key>CLANG_CXX_LANGUAGE_STANDARD</key>
				<string>gnu++0x</string>
				<key>CLANG_CXX_LIBRARY</key>
				<string>libc++</string>
				<key>CLANG_ENABLE_MODULES</key>
				<string>YES</string>
				<key>CLANG_ENABLE_OBJC_ARC</key>
				<string>YES</string>
				<key>CLANG_WARN_BOOL_CONVERSION</key>
				<string>YES</string>
				<key>CLANG_WARN_CONSTANT_CONVERSION</key>
				<string>YES</string>
				<key>CLANG_WARN_DIRECT_OBJC_ISA_USAGE</key>
				<string>YES_ERROR</string>
				<key>CLANG_WARN_EMPTY_BODY</key>
				<string>YES</string>
				<key>CLANG_WARN_ENUM_CONVERSION</key>
				<string>YES</string>
				<key>CLANG_WARN_INT_CONVERSION</key>
				<string>YES</string>
				<key>CLANG_WARN_OBJC_ROOT_CLASS</key>
				<string>YES_ERROR</string>
				<key>CLANG_WARN__DUPLICATE_METHOD_MATCH</key>
				<string>YES</string>
				<key>CODE_SIGN_IDENTITY[sdk=iphoneos*]</key>
				<string>iPhone Developer</string>
				<key>COPY_PHASE_STRIP</key>
				<string>NO</string>
				<key>GCC_C_LANGUAGE_STANDARD</key>
				<string>gnu99</string>
				<key>GCC_DYNAMIC_NO_PIC</key>
				<string>NO</string>
				<key>GCC_OPTIMIZATION_LEVEL</key>
				<string>0</string>
				<key>GCC_PREPROCESSOR_DEFINITIONS</key>
				<array>
					<string>DEBUG=1</string>
					<string>$(inherited)</string>
				</array>
				<key>GCC_SYMBOLS_PRIVATE_EXTERN</key>
				<string>NO</string>
				<key>GCC_WARN_64_TO_32_BIT_CONVERSION</key>
				<string>YES</string>
				<key>GCC_WARN_ABOUT_RETURN_TYPE</key>
				<string>YES_ERROR</string>
				<key>GCC_WARN_UNDECLARED_SELECTOR</key>
				<string>YES</string>
				<key>GCC_WARN_UNINITIALIZED_AUTOS</key>
				<string>YES_AGGRESSIVE</string>
				<key>GCC_WARN_UNUSED_FUNCTION</key>
				<string>YES</string>
				<key>GCC_WARN_UNUSED_VARIABLE</key>
				<string>YES</string>
				<key>IPHONEOS_DEPLOYMENT_TARGET</key>
				<string>7.1</string>
				<key>ONLY_ACTIVE_ARCH</key>
				<string>YES</string>
				<key>SDKROOT</key>
				<string>iphoneos</string>
				<key>TARGETED_DEVICE_FAMILY</key>
				<string>1,2</string>
			</dict>
			<key>isa</key>
			<string>XCBuildConfiguration</string>
			<key>name</key>
			<string>Debug</string>
		</dict>
		<key>156182901976C3DB00D16B5F</key>
		<dict>
			<key>buildSettings</key>
			<dict>
				<key>ALWAYS_SEARCH_USER_PATHS</key>
				<string>NO</string>
				<key>CLANG_CXX_LANGUAGE_STANDARD</key>
				<string>gnu++0x</string>
				<key>CLANG_CXX_LIBRARY</key>
				<string>libc++</string>
				<key>CLANG_ENABLE_MODULES</key>
				<string>YES</string>
				<key>CLANG_ENABLE_OBJC_ARC</key>
				<string>YES</string>
				<key>CLANG_WARN_BOOL_CONVERSION</key>
				<string>YES</string>
				<key>CLANG_WARN_CONSTANT_CONVERSION</key>
				<string>YES</string>
				<key>CLANG_WARN_DIRECT_OBJC_ISA_USAGE</key>
				<string>YES_ERROR</string>
				<key>CLANG_WARN_EMPTY_BODY</key>
				<string>YES</string>
				<key>CLANG_WARN_ENUM_CONVERSION</key>
				<string>YES</string>
				<key>CLANG_WARN_INT_CONVERSION</key>
				<string>YES</string>
				<key>CLANG_WARN_OBJC_ROOT_CLASS</key>
				<string>YES_ERROR</string>
				<key>CLANG_WARN__DUPLICATE_METHOD_MATCH</key>
				<string>YES</string>
				<key>CODE_SIGN_IDENTITY[sdk=iphoneos*]</key>
				<string>iPhone Developer</string>
				<key>COPY_PHASE_STRIP</key>
				<string>YES</string>
				<key>ENABLE_NS_ASSERTIONS</key>
				<string>NO</string>
				<key>GCC_C_LANGUAGE_STANDARD</key>
				<string>gnu99</string>
				<key>GCC_WARN_64_TO_32_BIT_CONVERSION</key>
				<string>YES</string>
				<key>GCC_WARN_ABOUT_RETURN_TYPE</key>
				<string>YES_ERROR</string>
				<key>GCC_WARN_UNDECLARED_SELECTOR</key>
				<string>YES</string>
				<key>GCC_WARN_UNINITIALIZED_AUTOS</key>
				<string>YES_AGGRESSIVE</string>
				<key>GCC_WARN_UNUSED_FUNCTION</key>
				<string>YES</string>
				<key>GCC_WARN_UNUSED_VARIABLE</key>
				<string>YES</string>
				<key>IPHONEOS_DEPLOYMENT_TARGET</key>
				<string>7.1</string>
				<key>SDKROOT</key>
				<string>iphoneos</string>
				<key>TARGETED_DEVICE_FAMILY</key>
				<string>1,2</string>
				<key>VALIDATE_PRODUCT</key>
				<string>YES</string>
			</dict>
			<key>isa</key>
			<string>XCBuildConfiguration</string>
			<key>name</key>
			<string>Release</string>
		</dict>
		<key>156182911976C3DB00D16B5F</key>
		<dict>
			<key>buildConfigurations</key>
			<array>
				<string>156182921976C3DB00D16B5F</string>
				<string>156182931976C3DB00D16B5F</string>
			</array>
			<key>defaultConfigurationIsVisible</key>
			<string>0</string>
			<key>defaultConfigurationName</key>
			<string>Release</string>
			<key>isa</key>
			<string>XCConfigurationList</string>
		</dict>
		<key>156182921976C3DB00D16B5F</key>
		<dict>
			<key>baseConfigurationReference</key>
			<string>9B9CCEF8429341D1970C1D0F</string>
			<key>buildSettings</key>
			<dict>
				<key>ASSETCATALOG_COMPILER_APPICON_NAME</key>
				<string>AppIcon</string>
				<key>ASSETCATALOG_COMPILER_LAUNCHIMAGE_NAME</key>
				<string>LaunchImage</string>
				<key>GCC_PRECOMPILE_PREFIX_HEADER</key>
				<string>YES</string>
				<key>GCC_PREFIX_HEADER</key>
				<string>TutReader/TutReader-Prefix.pch</string>
				<key>INFOPLIST_FILE</key>
				<string>TutReader/TutReader-Info.plist</string>
				<key>IPHONEOS_DEPLOYMENT_TARGET</key>
				<string>6.0</string>
				<key>PRODUCT_NAME</key>
				<string>$(TARGET_NAME)</string>
				<key>WRAPPER_EXTENSION</key>
				<string>app</string>
			</dict>
			<key>isa</key>
			<string>XCBuildConfiguration</string>
			<key>name</key>
			<string>Debug</string>
		</dict>
		<key>156182931976C3DB00D16B5F</key>
		<dict>
			<key>baseConfigurationReference</key>
			<string>9B9CCEF8429341D1970C1D0F</string>
			<key>buildSettings</key>
			<dict>
				<key>ASSETCATALOG_COMPILER_APPICON_NAME</key>
				<string>AppIcon</string>
				<key>ASSETCATALOG_COMPILER_LAUNCHIMAGE_NAME</key>
				<string>LaunchImage</string>
				<key>GCC_PRECOMPILE_PREFIX_HEADER</key>
				<string>YES</string>
				<key>GCC_PREFIX_HEADER</key>
				<string>TutReader/TutReader-Prefix.pch</string>
				<key>INFOPLIST_FILE</key>
				<string>TutReader/TutReader-Info.plist</string>
				<key>IPHONEOS_DEPLOYMENT_TARGET</key>
				<string>6.0</string>
				<key>PRODUCT_NAME</key>
				<string>$(TARGET_NAME)</string>
				<key>WRAPPER_EXTENSION</key>
				<string>app</string>
			</dict>
			<key>isa</key>
			<string>XCBuildConfiguration</string>
			<key>name</key>
			<string>Release</string>
		</dict>
		<key>156182941976C3DB00D16B5F</key>
		<dict>
			<key>buildConfigurations</key>
			<array>
				<string>156182951976C3DB00D16B5F</string>
				<string>156182961976C3DB00D16B5F</string>
			</array>
			<key>defaultConfigurationIsVisible</key>
			<string>0</string>
			<key>defaultConfigurationName</key>
			<string>Release</string>
			<key>isa</key>
			<string>XCConfigurationList</string>
		</dict>
		<key>156182951976C3DB00D16B5F</key>
		<dict>
			<key>buildSettings</key>
			<dict>
				<key>BUNDLE_LOADER</key>
				<string>$(BUILT_PRODUCTS_DIR)/TutReader.app/TutReader</string>
				<key>FRAMEWORK_SEARCH_PATHS</key>
				<array>
					<string>$(SDKROOT)/Developer/Library/Frameworks</string>
					<string>$(inherited)</string>
					<string>$(DEVELOPER_FRAMEWORKS_DIR)</string>
				</array>
				<key>GCC_PRECOMPILE_PREFIX_HEADER</key>
				<string>YES</string>
				<key>GCC_PREFIX_HEADER</key>
				<string>TutReader/TutReader-Prefix.pch</string>
				<key>GCC_PREPROCESSOR_DEFINITIONS</key>
				<array>
					<string>DEBUG=1</string>
					<string>$(inherited)</string>
				</array>
				<key>INFOPLIST_FILE</key>
				<string>TutReaderTests/TutReaderTests-Info.plist</string>
				<key>PRODUCT_NAME</key>
				<string>$(TARGET_NAME)</string>
				<key>TEST_HOST</key>
				<string>$(BUNDLE_LOADER)</string>
				<key>WRAPPER_EXTENSION</key>
				<string>xctest</string>
			</dict>
			<key>isa</key>
			<string>XCBuildConfiguration</string>
			<key>name</key>
			<string>Debug</string>
		</dict>
		<key>156182961976C3DB00D16B5F</key>
		<dict>
			<key>buildSettings</key>
			<dict>
				<key>BUNDLE_LOADER</key>
				<string>$(BUILT_PRODUCTS_DIR)/TutReader.app/TutReader</string>
				<key>FRAMEWORK_SEARCH_PATHS</key>
				<array>
					<string>$(SDKROOT)/Developer/Library/Frameworks</string>
					<string>$(inherited)</string>
					<string>$(DEVELOPER_FRAMEWORKS_DIR)</string>
				</array>
				<key>GCC_PRECOMPILE_PREFIX_HEADER</key>
				<string>YES</string>
				<key>GCC_PREFIX_HEADER</key>
				<string>TutReader/TutReader-Prefix.pch</string>
				<key>INFOPLIST_FILE</key>
				<string>TutReaderTests/TutReaderTests-Info.plist</string>
				<key>PRODUCT_NAME</key>
				<string>$(TARGET_NAME)</string>
				<key>TEST_HOST</key>
				<string>$(BUNDLE_LOADER)</string>
				<key>WRAPPER_EXTENSION</key>
				<string>xctest</string>
			</dict>
			<key>isa</key>
			<string>XCBuildConfiguration</string>
			<key>name</key>
			<string>Release</string>
		</dict>
		<key>156182971976C57A00D16B5F</key>
		<dict>
			<key>fileEncoding</key>
			<string>4</string>
			<key>isa</key>
			<string>PBXFileReference</string>
			<key>lastKnownFileType</key>
			<string>sourcecode.c.h</string>
			<key>path</key>
			<string>TUTConstants.h</string>
			<key>sourceTree</key>
			<string>&lt;group&gt;</string>
		</dict>
		<key>1561829A1976C93D00D16B5F</key>
		<dict>
			<key>children</key>
			<array>
				<string>15712C5D19790E4600A73DC5</string>
				<string>15712C5C19790E1800A73DC5</string>
			</array>
			<key>isa</key>
			<string>PBXGroup</string>
			<key>name</key>
			<string>UI</string>
			<key>sourceTree</key>
			<string>&lt;group&gt;</string>
		</dict>
		<key>1561829B1976C98F00D16B5F</key>
		<dict>
			<key>children</key>
			<array>
				<string>156AFA19197CEE3F00813E2D</string>
				<string>15060E00197FB0B500E68EB1</string>
				<string>15060E01197FB0B500E68EB1</string>
				<string>156AFA16197CEE3000813E2D</string>
				<string>156AFA17197CEE3000813E2D</string>
				<string>156AFA35197D088E00813E2D</string>
				<string>156AFA36197D088E00813E2D</string>
				<string>15060DF7197F995400E68EB1</string>
				<string>15060DF8197F995400E68EB1</string>
			</array>
			<key>isa</key>
			<string>PBXGroup</string>
			<key>name</key>
			<string>Models</string>
			<key>sourceTree</key>
			<string>&lt;group&gt;</string>
		</dict>
		<key>156182A619770BC000D16B5F</key>
		<dict>
			<key>children</key>
			<array>
				<string>156AFA1C197CEF3400813E2D</string>
				<string>156AFA1D197CEF3400813E2D</string>
			</array>
			<key>isa</key>
			<string>PBXGroup</string>
			<key>name</key>
			<string>Cells</string>
			<key>sourceTree</key>
			<string>&lt;group&gt;</string>
		</dict>
		<key>156AFA16197CEE3000813E2D</key>
		<dict>
			<key>fileEncoding</key>
			<string>4</string>
			<key>isa</key>
			<string>PBXFileReference</string>
			<key>lastKnownFileType</key>
			<string>sourcecode.c.h</string>
			<key>name</key>
			<string>TUTNews.h</string>
			<key>path</key>
			<string>source/Models/TUTNews.h</string>
			<key>sourceTree</key>
			<string>&lt;group&gt;</string>
		</dict>
		<key>156AFA17197CEE3000813E2D</key>
		<dict>
			<key>fileEncoding</key>
			<string>4</string>
			<key>isa</key>
			<string>PBXFileReference</string>
			<key>lastKnownFileType</key>
			<string>sourcecode.c.objc</string>
			<key>name</key>
			<string>TUTNews.m</string>
			<key>path</key>
			<string>source/Models/TUTNews.m</string>
			<key>sourceTree</key>
			<string>&lt;group&gt;</string>
		</dict>
		<key>156AFA18197CEE3000813E2D</key>
		<dict>
			<key>fileRef</key>
			<string>156AFA17197CEE3000813E2D</string>
			<key>isa</key>
			<string>PBXBuildFile</string>
		</dict>
		<key>156AFA19197CEE3F00813E2D</key>
		<dict>
			<key>children</key>
			<array>
				<string>156AFA1A197CEE3F00813E2D</string>
			</array>
			<key>currentVersion</key>
			<string>156AFA1A197CEE3F00813E2D</string>
			<key>isa</key>
			<string>XCVersionGroup</string>
			<key>name</key>
			<string>newsModel.xcdatamodeld</string>
			<key>path</key>
			<string>source/Models/newsModel.xcdatamodeld</string>
			<key>sourceTree</key>
			<string>&lt;group&gt;</string>
			<key>versionGroupType</key>
			<string>wrapper.xcdatamodel</string>
		</dict>
		<key>156AFA1A197CEE3F00813E2D</key>
		<dict>
			<key>isa</key>
			<string>PBXFileReference</string>
			<key>lastKnownFileType</key>
			<string>wrapper.xcdatamodel</string>
			<key>path</key>
			<string>newsModel.xcdatamodel</string>
			<key>sourceTree</key>
			<string>&lt;group&gt;</string>
		</dict>
		<key>156AFA1B197CEE3F00813E2D</key>
		<dict>
			<key>fileRef</key>
			<string>156AFA19197CEE3F00813E2D</string>
			<key>isa</key>
			<string>PBXBuildFile</string>
		</dict>
		<key>156AFA1C197CEF3400813E2D</key>
		<dict>
			<key>fileEncoding</key>
			<string>4</string>
			<key>isa</key>
			<string>PBXFileReference</string>
			<key>lastKnownFileType</key>
			<string>sourcecode.c.h</string>
			<key>name</key>
			<string>NewsCell.h</string>
			<key>path</key>
			<string>Source/UI/Common/Cells/NewsCell.h</string>
			<key>sourceTree</key>
			<string>&lt;group&gt;</string>
		</dict>
		<key>156AFA1D197CEF3400813E2D</key>
		<dict>
			<key>fileEncoding</key>
			<string>4</string>
			<key>isa</key>
			<string>PBXFileReference</string>
			<key>lastKnownFileType</key>
			<string>sourcecode.c.objc</string>
			<key>name</key>
			<string>NewsCell.m</string>
			<key>path</key>
			<string>Source/UI/Common/Cells/NewsCell.m</string>
			<key>sourceTree</key>
			<string>&lt;group&gt;</string>
		</dict>
		<key>156AFA1E197CEF3400813E2D</key>
		<dict>
			<key>fileRef</key>
			<string>156AFA1D197CEF3400813E2D</string>
			<key>isa</key>
			<string>PBXBuildFile</string>
		</dict>
		<key>156AFA1F197CEF5000813E2D</key>
		<dict>
			<key>fileEncoding</key>
			<string>4</string>
			<key>isa</key>
			<string>PBXFileReference</string>
			<key>lastKnownFileType</key>
			<string>sourcecode.c.h</string>
			<key>name</key>
			<string>NewsTableViewController.h</string>
			<key>path</key>
			<string>Source/UI/Common/Controllers/NewsTableViewController.h</string>
			<key>sourceTree</key>
			<string>&lt;group&gt;</string>
		</dict>
		<key>156AFA20197CEF5000813E2D</key>
		<dict>
			<key>fileEncoding</key>
			<string>4</string>
			<key>isa</key>
			<string>PBXFileReference</string>
			<key>lastKnownFileType</key>
			<string>sourcecode.c.objc</string>
			<key>name</key>
			<string>NewsTableViewController.m</string>
			<key>path</key>
			<string>Source/UI/Common/Controllers/NewsTableViewController.m</string>
			<key>sourceTree</key>
			<string>&lt;group&gt;</string>
		</dict>
		<key>156AFA21197CEF5000813E2D</key>
		<dict>
			<key>fileEncoding</key>
			<string>4</string>
			<key>isa</key>
			<string>PBXFileReference</string>
			<key>lastKnownFileType</key>
			<string>sourcecode.c.h</string>
			<key>name</key>
			<string>WebViewController.h</string>
			<key>path</key>
			<string>Source/UI/Common/Controllers/WebViewController.h</string>
			<key>sourceTree</key>
			<string>&lt;group&gt;</string>
		</dict>
		<key>156AFA22197CEF5000813E2D</key>
		<dict>
			<key>fileEncoding</key>
			<string>4</string>
			<key>isa</key>
			<string>PBXFileReference</string>
			<key>lastKnownFileType</key>
			<string>sourcecode.c.objc</string>
			<key>name</key>
			<string>WebViewController.m</string>
			<key>path</key>
			<string>Source/UI/Common/Controllers/WebViewController.m</string>
			<key>sourceTree</key>
			<string>&lt;group&gt;</string>
		</dict>
		<key>156AFA23197CEF5000813E2D</key>
		<dict>
			<key>fileRef</key>
			<string>156AFA20197CEF5000813E2D</string>
			<key>isa</key>
			<string>PBXBuildFile</string>
		</dict>
		<key>156AFA24197CEF5000813E2D</key>
		<dict>
			<key>fileRef</key>
			<string>156AFA22197CEF5000813E2D</string>
			<key>isa</key>
			<string>PBXBuildFile</string>
		</dict>
		<key>156AFA25197CEF7600813E2D</key>
		<dict>
			<key>fileEncoding</key>
			<string>4</string>
			<key>isa</key>
			<string>PBXFileReference</string>
			<key>lastKnownFileType</key>
			<string>sourcecode.c.h</string>
			<key>name</key>
			<string>IpadMainViewController.h</string>
			<key>path</key>
			<string>Source/UI/iPad/Controllers/IpadMainViewController.h</string>
			<key>sourceTree</key>
			<string>&lt;group&gt;</string>
		</dict>
		<key>156AFA26197CEF7600813E2D</key>
		<dict>
			<key>fileEncoding</key>
			<string>4</string>
			<key>isa</key>
			<string>PBXFileReference</string>
			<key>lastKnownFileType</key>
			<string>sourcecode.c.objc</string>
			<key>name</key>
			<string>IpadMainViewController.m</string>
			<key>path</key>
			<string>Source/UI/iPad/Controllers/IpadMainViewController.m</string>
			<key>sourceTree</key>
			<string>&lt;group&gt;</string>
		</dict>
		<key>156AFA27197CEF7600813E2D</key>
		<dict>
			<key>fileRef</key>
			<string>156AFA26197CEF7600813E2D</string>
			<key>isa</key>
			<string>PBXBuildFile</string>
		</dict>
		<key>156AFA28197CEF8B00813E2D</key>
		<dict>
			<key>fileEncoding</key>
			<string>4</string>
			<key>isa</key>
			<string>PBXFileReference</string>
			<key>lastKnownFileType</key>
			<string>sourcecode.c.h</string>
			<key>name</key>
			<string>MainViewController.h</string>
			<key>path</key>
			<string>Source/UI/iPhone/Controllers/MainViewController.h</string>
			<key>sourceTree</key>
			<string>&lt;group&gt;</string>
		</dict>
		<key>156AFA29197CEF8B00813E2D</key>
		<dict>
			<key>fileEncoding</key>
			<string>4</string>
			<key>isa</key>
			<string>PBXFileReference</string>
			<key>lastKnownFileType</key>
			<string>sourcecode.c.objc</string>
			<key>name</key>
			<string>MainViewController.m</string>
			<key>path</key>
			<string>Source/UI/iPhone/Controllers/MainViewController.m</string>
			<key>sourceTree</key>
			<string>&lt;group&gt;</string>
		</dict>
		<key>156AFA2A197CEF8B00813E2D</key>
		<dict>
			<key>fileRef</key>
			<string>156AFA29197CEF8B00813E2D</string>
			<key>isa</key>
			<string>PBXBuildFile</string>
		</dict>
		<key>156AFA2B197CF82400813E2D</key>
		<dict>
			<key>fileEncoding</key>
			<string>4</string>
			<key>isa</key>
			<string>PBXFileReference</string>
			<key>lastKnownFileType</key>
			<string>sourcecode.c.h</string>
			<key>name</key>
			<string>RemoteFacade.h</string>
			<key>path</key>
			<string>Source/Models/RemoteFacade.h</string>
			<key>sourceTree</key>
			<string>&lt;group&gt;</string>
		</dict>
		<key>156AFA2C197CF82400813E2D</key>
		<dict>
			<key>fileEncoding</key>
			<string>4</string>
			<key>isa</key>
			<string>PBXFileReference</string>
			<key>lastKnownFileType</key>
			<string>sourcecode.c.objc</string>
			<key>name</key>
			<string>RemoteFacade.m</string>
			<key>path</key>
			<string>Source/Models/RemoteFacade.m</string>
			<key>sourceTree</key>
			<string>&lt;group&gt;</string>
		</dict>
		<key>156AFA2D197CF82400813E2D</key>
		<dict>
			<key>fileRef</key>
			<string>156AFA2C197CF82400813E2D</string>
			<key>isa</key>
			<string>PBXBuildFile</string>
		</dict>
		<key>156AFA2F197CFE9200813E2D</key>
		<dict>
			<key>fileEncoding</key>
			<string>4</string>
			<key>isa</key>
			<string>PBXFileReference</string>
			<key>lastKnownFileType</key>
			<string>sourcecode.c.h</string>
			<key>name</key>
			<string>PersistenceFacade.h</string>
			<key>path</key>
			<string>Source/Models/PersistenceFacade.h</string>
			<key>sourceTree</key>
			<string>&lt;group&gt;</string>
		</dict>
		<key>156AFA30197CFE9200813E2D</key>
		<dict>
			<key>fileEncoding</key>
			<string>4</string>
			<key>isa</key>
			<string>PBXFileReference</string>
			<key>lastKnownFileType</key>
			<string>sourcecode.c.objc</string>
			<key>name</key>
			<string>PersistenceFacade.m</string>
			<key>path</key>
			<string>Source/Models/PersistenceFacade.m</string>
			<key>sourceTree</key>
			<string>&lt;group&gt;</string>
		</dict>
		<key>156AFA31197CFE9200813E2D</key>
		<dict>
			<key>fileRef</key>
			<string>156AFA30197CFE9200813E2D</string>
			<key>isa</key>
			<string>PBXBuildFile</string>
		</dict>
		<key>156AFA35197D088E00813E2D</key>
		<dict>
			<key>fileEncoding</key>
			<string>4</string>
			<key>isa</key>
			<string>PBXFileReference</string>
			<key>lastKnownFileType</key>
			<string>sourcecode.c.h</string>
			<key>name</key>
			<string>XMLParser.h</string>
			<key>path</key>
			<string>Source/Models/XMLParser.h</string>
			<key>sourceTree</key>
			<string>&lt;group&gt;</string>
		</dict>
		<key>156AFA36197D088E00813E2D</key>
		<dict>
			<key>fileEncoding</key>
			<string>4</string>
			<key>isa</key>
			<string>PBXFileReference</string>
			<key>lastKnownFileType</key>
			<string>sourcecode.c.objc</string>
			<key>name</key>
			<string>XMLParser.m</string>
			<key>path</key>
			<string>Source/Models/XMLParser.m</string>
			<key>sourceTree</key>
			<string>&lt;group&gt;</string>
		</dict>
		<key>156AFA37197D088E00813E2D</key>
		<dict>
			<key>fileRef</key>
			<string>156AFA36197D088E00813E2D</string>
			<key>isa</key>
			<string>PBXBuildFile</string>
		</dict>
		<key>15712C5C19790E1800A73DC5</key>
		<dict>
			<key>children</key>
			<array>
				<string>156182741976C3DB00D16B5F</string>
			</array>
			<key>isa</key>
			<string>PBXGroup</string>
			<key>name</key>
			<string>iPad</string>
			<key>sourceTree</key>
			<string>&lt;group&gt;</string>
		</dict>
		<key>15712C5D19790E4600A73DC5</key>
		<dict>
			<key>children</key>
			<array>
				<string>156182711976C3DB00D16B5F</string>
			</array>
			<key>isa</key>
			<string>PBXGroup</string>
			<key>name</key>
			<string>iPhone</string>
			<key>sourceTree</key>
			<string>&lt;group&gt;</string>
		</dict>
		<key>15712C5E19790E5300A73DC5</key>
		<dict>
			<key>children</key>
			<array>
				<string>156182A619770BC000D16B5F</string>
				<string>15712C64197910A000A73DC5</string>
			</array>
			<key>isa</key>
			<string>PBXGroup</string>
			<key>name</key>
			<string>Common</string>
			<key>sourceTree</key>
			<string>&lt;group&gt;</string>
		</dict>
		<key>15712C6319790ED800A73DC5</key>
		<dict>
			<key>children</key>
			<array>
				<string>156AFA28197CEF8B00813E2D</string>
				<string>156AFA29197CEF8B00813E2D</string>
			</array>
			<key>isa</key>
			<string>PBXGroup</string>
			<key>name</key>
			<string>Controllers</string>
			<key>sourceTree</key>
			<string>&lt;group&gt;</string>
		</dict>
		<key>15712C64197910A000A73DC5</key>
		<dict>
			<key>children</key>
			<array>
				<string>156AFA1F197CEF5000813E2D</string>
				<string>156AFA20197CEF5000813E2D</string>
				<string>156AFA21197CEF5000813E2D</string>
				<string>156AFA22197CEF5000813E2D</string>
			</array>
			<key>isa</key>
			<string>PBXGroup</string>
			<key>name</key>
			<string>Controllers</string>
			<key>sourceTree</key>
			<string>&lt;group&gt;</string>
		</dict>
		<key>15712C651979138300A73DC5</key>
		<dict>
			<key>children</key>
			<array>
				<string>156AFA25197CEF7600813E2D</string>
				<string>156AFA26197CEF7600813E2D</string>
			</array>
			<key>isa</key>
			<string>PBXGroup</string>
			<key>name</key>
			<string>Controllers</string>
			<key>sourceTree</key>
			<string>&lt;group&gt;</string>
		</dict>
		<key>15712C69197954AA00A73DC5</key>
		<dict>
			<key>children</key>
			<array>
				<string>15060DFC197F9F3800E68EB1</string>
				<string>15060DFB197F9EE200E68EB1</string>
				<string>15712C6B1979555900A73DC5</string>
				<string>1561826E1976C3DB00D16B5F</string>
				<string>1561826F1976C3DB00D16B5F</string>
				<string>156182971976C57A00D16B5F</string>
			</array>
			<key>isa</key>
			<string>PBXGroup</string>
			<key>name</key>
			<string>source</string>
			<key>sourceTree</key>
			<string>&lt;group&gt;</string>
		</dict>
		<key>15712C6A197954C900A73DC5</key>
		<dict>
			<key>children</key>
			<array>
				<string>1561829A1976C93D00D16B5F</string>
				<string>1561827A1976C3DB00D16B5F</string>
			</array>
			<key>isa</key>
			<string>PBXGroup</string>
			<key>name</key>
			<string>resources</string>
			<key>sourceTree</key>
			<string>&lt;group&gt;</string>
		</dict>
		<key>15712C6B1979555900A73DC5</key>
		<dict>
			<key>children</key>
			<array>
				<string>15712C5E19790E5300A73DC5</string>
				<string>15712C6D1979557900A73DC5</string>
				<string>15712C6C1979556300A73DC5</string>
			</array>
			<key>isa</key>
			<string>PBXGroup</string>
			<key>name</key>
			<string>UI</string>
			<key>sourceTree</key>
			<string>&lt;group&gt;</string>
		</dict>
		<key>15712C6C1979556300A73DC5</key>
		<dict>
			<key>children</key>
			<array>
				<string>15712C6319790ED800A73DC5</string>
			</array>
			<key>isa</key>
			<string>PBXGroup</string>
			<key>name</key>
			<string>iPhone</string>
			<key>sourceTree</key>
			<string>&lt;group&gt;</string>
		</dict>
		<key>15712C6D1979557900A73DC5</key>
		<dict>
			<key>children</key>
			<array>
				<string>15712C651979138300A73DC5</string>
			</array>
			<key>isa</key>
			<string>PBXGroup</string>
			<key>name</key>
			<string>iPad</string>
			<key>sourceTree</key>
			<string>&lt;group&gt;</string>
		</dict>
		<key>5F6907BB0D9A49C59FB67DD6</key>
		<dict>
			<key>buildActionMask</key>
			<string>2147483647</string>
			<key>files</key>
			<array/>
			<key>inputPaths</key>
			<array/>
			<key>isa</key>
			<string>PBXShellScriptBuildPhase</string>
			<key>name</key>
			<string>Check Pods Manifest.lock</string>
			<key>outputPaths</key>
			<array/>
			<key>runOnlyForDeploymentPostprocessing</key>
			<string>0</string>
			<key>shellPath</key>
			<string>/bin/sh</string>
			<key>shellScript</key>
			<string>diff "${PODS_ROOT}/../Podfile.lock" "${PODS_ROOT}/Manifest.lock" &gt; /dev/null
if [[ $? != 0 ]] ; then
    cat &lt;&lt; EOM
error: The sandbox is not in sync with the Podfile.lock. Run 'pod install' or update your CocoaPods installation.
EOM
    exit 1
fi
</string>
			<key>showEnvVarsInLog</key>
			<string>0</string>
		</dict>
		<key>731387ED6E404FC383024DBE</key>
		<dict>
			<key>explicitFileType</key>
			<string>archive.ar</string>
			<key>includeInIndex</key>
			<string>0</string>
			<key>isa</key>
			<string>PBXFileReference</string>
			<key>path</key>
			<string>libPods.a</string>
			<key>sourceTree</key>
			<string>BUILT_PRODUCTS_DIR</string>
		</dict>
		<key>9B9CCEF8429341D1970C1D0F</key>
		<dict>
			<key>includeInIndex</key>
			<string>1</string>
			<key>isa</key>
			<string>PBXFileReference</string>
			<key>lastKnownFileType</key>
			<string>text.xcconfig</string>
			<key>name</key>
			<string>Pods.xcconfig</string>
			<key>path</key>
			<string>Pods/Pods.xcconfig</string>
			<key>sourceTree</key>
			<string>&lt;group&gt;</string>
		</dict>
		<key>FCAC53A51AC1463EAC7C14E9</key>
		<dict>
			<key>buildActionMask</key>
			<string>2147483647</string>
			<key>files</key>
			<array/>
			<key>inputPaths</key>
			<array/>
			<key>isa</key>
			<string>PBXShellScriptBuildPhase</string>
			<key>name</key>
			<string>Copy Pods Resources</string>
			<key>outputPaths</key>
			<array/>
			<key>runOnlyForDeploymentPostprocessing</key>
			<string>0</string>
			<key>shellPath</key>
			<string>/bin/sh</string>
			<key>shellScript</key>
			<string>"${SRCROOT}/Pods/Pods-resources.sh"
</string>
			<key>showEnvVarsInLog</key>
			<string>0</string>
		</dict>
	</dict>
	<key>rootObject</key>
	<string>156182541976C3DB00D16B5F</string>
</dict>
</plist>
